
Microsoft Visual Studio Solution File, Format Version 11.00
# Visual Studio 2010
Project("{8BC9CEB8-8B4A-11D0-8D11-00A0C91BC942}") = "App_BulletExampleBrowser", "App_BulletExampleBrowser.vcxproj", "{369898D4-866F-414E-9426-28B56FC96B86}"
	ProjectSection(ProjectDependencies) = postProject
		{C6BB1991-548B-EF48-9894-250ED2CF20D5} = {C6BB1991-548B-EF48-9894-250ED2CF20D5}
		{7D770073-8BC2-1849-9CCE-895673604110} = {7D770073-8BC2-1849-9CCE-895673604110}
		{F4DFEA00-171A-704D-99D0-836A54D31AB7} = {F4DFEA00-171A-704D-99D0-836A54D31AB7}
		{4B5B0717-13EF-D244-8AA8-6B21F053C3A9} = {4B5B0717-13EF-D244-8AA8-6B21F053C3A9}
		{0F6D6BBA-160D-DA4A-A26F-F990BD2AB0B1} = {0F6D6BBA-160D-DA4A-A26F-F990BD2AB0B1}
		{D7B018B3-3CCC-464C-A620-3A4519F81649} = {D7B018B3-3CCC-464C-A620-3A4519F81649}
		{5C927010-87B4-9A44-A8AD-EB3B2DA01A6C} = {5C927010-87B4-9A44-A8AD-EB3B2DA01A6C}
		{1E91C773-2988-064D-A21C-7907CEB10272} = {1E91C773-2988-064D-A21C-7907CEB10272}
		{CCF8E383-67F7-C240-B332-14605A06E8D0} = {CCF8E383-67F7-C240-B332-14605A06E8D0}
		{BAE5E522-3479-2540-AFF3-D7E829A9D4EB} = {BAE5E522-3479-2540-AFF3-D7E829A9D4EB}
		{FB6B692D-BDE7-EB44-97B4-1A75CB76ABAF} = {FB6B692D-BDE7-EB44-97B4-1A75CB76ABAF}
		{7E55BFB8-E69A-C64E-8EAD-96FED9FAC81E} = {7E55BFB8-E69A-C64E-8EAD-96FED9FAC81E}
		{BFDBFB85-8FD0-9542-9B13-8CDE7F8B8929} = {BFDBFB85-8FD0-9542-9B13-8CDE7F8B8929}
		{683686E7-84A7-4546-A5B8-AA8B9612D65B} = {683686E7-84A7-4546-A5B8-AA8B9612D65B}
		{E2A2B329-AA64-314E-90A9-7AAB617FC126} = {E2A2B329-AA64-314E-90A9-7AAB617FC126}
	EndProjectSection
EndProject
Project("{8BC9CEB8-8B4A-11D0-8D11-00A0C91BC942}") = "BulletExampleBrowserLib", "BulletExampleBrowserLib.vcxproj", "{C6BB1991-548B-EF48-9894-250ED2CF20D5}"
EndProject
Project("{8BC9CEB8-8B4A-11D0-8D11-00A0C91BC942}") = "App_RobotSimulator", "App_RobotSimulator.vcxproj", "{CB0F7AE3-EC8D-8A44-A7E4-86B0AA9D99CC}"
	ProjectSection(ProjectDependencies) = postProject
		{C6BB1991-548B-EF48-9894-250ED2CF20D5} = {C6BB1991-548B-EF48-9894-250ED2CF20D5}
		{7D770073-8BC2-1849-9CCE-895673604110} = {7D770073-8BC2-1849-9CCE-895673604110}
		{F4DFEA00-171A-704D-99D0-836A54D31AB7} = {F4DFEA00-171A-704D-99D0-836A54D31AB7}
		{7613C4A2-A824-C546-8C70-8BCC6158022F} = {7613C4A2-A824-C546-8C70-8BCC6158022F}
		{76947ECC-448E-EC4F-94BC-6F3B0818BDE4} = {76947ECC-448E-EC4F-94BC-6F3B0818BDE4}
		{4B5B0717-13EF-D244-8AA8-6B21F053C3A9} = {4B5B0717-13EF-D244-8AA8-6B21F053C3A9}
		{0F6D6BBA-160D-DA4A-A26F-F990BD2AB0B1} = {0F6D6BBA-160D-DA4A-A26F-F990BD2AB0B1}
		{D7B018B3-3CCC-464C-A620-3A4519F81649} = {D7B018B3-3CCC-464C-A620-3A4519F81649}
		{5C927010-87B4-9A44-A8AD-EB3B2DA01A6C} = {5C927010-87B4-9A44-A8AD-EB3B2DA01A6C}
		{1E91C773-2988-064D-A21C-7907CEB10272} = {1E91C773-2988-064D-A21C-7907CEB10272}
		{CCF8E383-67F7-C240-B332-14605A06E8D0} = {CCF8E383-67F7-C240-B332-14605A06E8D0}
		{BAE5E522-3479-2540-AFF3-D7E829A9D4EB} = {BAE5E522-3479-2540-AFF3-D7E829A9D4EB}
		{FB6B692D-BDE7-EB44-97B4-1A75CB76ABAF} = {FB6B692D-BDE7-EB44-97B4-1A75CB76ABAF}
		{7E55BFB8-E69A-C64E-8EAD-96FED9FAC81E} = {7E55BFB8-E69A-C64E-8EAD-96FED9FAC81E}
		{BFDBFB85-8FD0-9542-9B13-8CDE7F8B8929} = {BFDBFB85-8FD0-9542-9B13-8CDE7F8B8929}
		{683686E7-84A7-4546-A5B8-AA8B9612D65B} = {683686E7-84A7-4546-A5B8-AA8B9612D65B}
		{E2A2B329-AA64-314E-90A9-7AAB617FC126} = {E2A2B329-AA64-314E-90A9-7AAB617FC126}
		{6B631370-5FAC-E740-996B-B5F24F98D6AE} = {6B631370-5FAC-E740-996B-B5F24F98D6AE}
		{EE574296-61FF-4544-876E-0CA84F9B5960} = {EE574296-61FF-4544-876E-0CA84F9B5960}
	EndProjectSection
EndProject
Project("{8BC9CEB8-8B4A-11D0-8D11-00A0C91BC942}") = "OpenGL_Window", "OpenGL_Window.vcxproj", "{F4DFEA00-171A-704D-99D0-836A54D31AB7}"
EndProject
Project("{8BC9CEB8-8B4A-11D0-8D11-00A0C91BC942}") = "gwen", "gwen.vcxproj", "{7D770073-8BC2-1849-9CCE-895673604110}"
EndProject
Project("{8BC9CEB8-8B4A-11D0-8D11-00A0C91BC942}") = "App_HelloWorld", "App_HelloWorld.vcxproj", "{03306B36-D7EB-154F-AC84-FEB0C9E24E3C}"
	ProjectSection(ProjectDependencies) = postProject
		{5C927010-87B4-9A44-A8AD-EB3B2DA01A6C} = {5C927010-87B4-9A44-A8AD-EB3B2DA01A6C}
		{1E91C773-2988-064D-A21C-7907CEB10272} = {1E91C773-2988-064D-A21C-7907CEB10272}
		{CCF8E383-67F7-C240-B332-14605A06E8D0} = {CCF8E383-67F7-C240-B332-14605A06E8D0}
	EndProjectSection
EndProject
Project("{8BC9CEB8-8B4A-11D0-8D11-00A0C91BC942}") = "App_PhysicsServer_SharedMemory", "App_PhysicsServer_SharedMemory.vcxproj", "{3E2A2FA8-3605-B642-971D-D39BFB0547AC}"
	ProjectSection(ProjectDependencies) = postProject
		{FB6B692D-BDE7-EB44-97B4-1A75CB76ABAF} = {FB6B692D-BDE7-EB44-97B4-1A75CB76ABAF}
		{0F6D6BBA-160D-DA4A-A26F-F990BD2AB0B1} = {0F6D6BBA-160D-DA4A-A26F-F990BD2AB0B1}
		{D7B018B3-3CCC-464C-A620-3A4519F81649} = {D7B018B3-3CCC-464C-A620-3A4519F81649}
		{5C927010-87B4-9A44-A8AD-EB3B2DA01A6C} = {5C927010-87B4-9A44-A8AD-EB3B2DA01A6C}
		{1E91C773-2988-064D-A21C-7907CEB10272} = {1E91C773-2988-064D-A21C-7907CEB10272}
		{CCF8E383-67F7-C240-B332-14605A06E8D0} = {CCF8E383-67F7-C240-B332-14605A06E8D0}
		{BAE5E522-3479-2540-AFF3-D7E829A9D4EB} = {BAE5E522-3479-2540-AFF3-D7E829A9D4EB}
	EndProjectSection
EndProject
Project("{8BC9CEB8-8B4A-11D0-8D11-00A0C91BC942}") = "App_PhysicsServer_SharedMemory_GUI", "App_PhysicsServer_SharedMemory_GUI.vcxproj", "{63539F33-37E3-CC4E-BC06-D2FAC11AC234}"
	ProjectSection(ProjectDependencies) = postProject
		{0F6D6BBA-160D-DA4A-A26F-F990BD2AB0B1} = {0F6D6BBA-160D-DA4A-A26F-F990BD2AB0B1}
		{D7B018B3-3CCC-464C-A620-3A4519F81649} = {D7B018B3-3CCC-464C-A620-3A4519F81649}
		{5C927010-87B4-9A44-A8AD-EB3B2DA01A6C} = {5C927010-87B4-9A44-A8AD-EB3B2DA01A6C}
		{1E91C773-2988-064D-A21C-7907CEB10272} = {1E91C773-2988-064D-A21C-7907CEB10272}
		{CCF8E383-67F7-C240-B332-14605A06E8D0} = {CCF8E383-67F7-C240-B332-14605A06E8D0}
		{F4DFEA00-171A-704D-99D0-836A54D31AB7} = {F4DFEA00-171A-704D-99D0-836A54D31AB7}
		{FB6B692D-BDE7-EB44-97B4-1A75CB76ABAF} = {FB6B692D-BDE7-EB44-97B4-1A75CB76ABAF}
		{BAE5E522-3479-2540-AFF3-D7E829A9D4EB} = {BAE5E522-3479-2540-AFF3-D7E829A9D4EB}
	EndProjectSection
EndProject
Project("{8BC9CEB8-8B4A-11D0-8D11-00A0C91BC942}") = "App_PhysicsServer_SharedMemory_VR", "App_PhysicsServer_SharedMemory_VR.vcxproj", "{47C1ACC6-713C-144A-A5A4-4A60021B5118}"
	ProjectSection(ProjectDependencies) = postProject
		{0F6D6BBA-160D-DA4A-A26F-F990BD2AB0B1} = {0F6D6BBA-160D-DA4A-A26F-F990BD2AB0B1}
		{D7B018B3-3CCC-464C-A620-3A4519F81649} = {D7B018B3-3CCC-464C-A620-3A4519F81649}
		{FB6B692D-BDE7-EB44-97B4-1A75CB76ABAF} = {FB6B692D-BDE7-EB44-97B4-1A75CB76ABAF}
		{5C927010-87B4-9A44-A8AD-EB3B2DA01A6C} = {5C927010-87B4-9A44-A8AD-EB3B2DA01A6C}
		{1E91C773-2988-064D-A21C-7907CEB10272} = {1E91C773-2988-064D-A21C-7907CEB10272}
		{CCF8E383-67F7-C240-B332-14605A06E8D0} = {CCF8E383-67F7-C240-B332-14605A06E8D0}
		{F4DFEA00-171A-704D-99D0-836A54D31AB7} = {F4DFEA00-171A-704D-99D0-836A54D31AB7}
		{BAE5E522-3479-2540-AFF3-D7E829A9D4EB} = {BAE5E522-3479-2540-AFF3-D7E829A9D4EB}
	EndProjectSection
EndProject
Project("{8BC9CEB8-8B4A-11D0-8D11-00A0C91BC942}") = "App_PhysicsServerSharedMemoryBridgeUDP", "App_PhysicsServerSharedMemoryBridgeUDP.vcxproj", "{715FFCDA-3C75-E349-A12A-BB372F2AEEF3}"
	ProjectSection(ProjectDependencies) = postProject
		{6B631370-5FAC-E740-996B-B5F24F98D6AE} = {6B631370-5FAC-E740-996B-B5F24F98D6AE}
		{7613C4A2-A824-C546-8C70-8BCC6158022F} = {7613C4A2-A824-C546-8C70-8BCC6158022F}
		{FB6B692D-BDE7-EB44-97B4-1A75CB76ABAF} = {FB6B692D-BDE7-EB44-97B4-1A75CB76ABAF}
		{CCF8E383-67F7-C240-B332-14605A06E8D0} = {CCF8E383-67F7-C240-B332-14605A06E8D0}
	EndProjectSection
EndProject
Project("{8BC9CEB8-8B4A-11D0-8D11-00A0C91BC942}") = "App_PhysicsServerUDP", "App_PhysicsServerUDP.vcxproj", "{C2B8C977-3B87-7949-8592-DEE1E5DE4607}"
	ProjectSection(ProjectDependencies) = postProject
		{6B631370-5FAC-E740-996B-B5F24F98D6AE} = {6B631370-5FAC-E740-996B-B5F24F98D6AE}
		{FB6B692D-BDE7-EB44-97B4-1A75CB76ABAF} = {FB6B692D-BDE7-EB44-97B4-1A75CB76ABAF}
		{0F6D6BBA-160D-DA4A-A26F-F990BD2AB0B1} = {0F6D6BBA-160D-DA4A-A26F-F990BD2AB0B1}
		{D7B018B3-3CCC-464C-A620-3A4519F81649} = {D7B018B3-3CCC-464C-A620-3A4519F81649}
		{5C927010-87B4-9A44-A8AD-EB3B2DA01A6C} = {5C927010-87B4-9A44-A8AD-EB3B2DA01A6C}
		{1E91C773-2988-064D-A21C-7907CEB10272} = {1E91C773-2988-064D-A21C-7907CEB10272}
		{CCF8E383-67F7-C240-B332-14605A06E8D0} = {CCF8E383-67F7-C240-B332-14605A06E8D0}
		{BAE5E522-3479-2540-AFF3-D7E829A9D4EB} = {BAE5E522-3479-2540-AFF3-D7E829A9D4EB}
	EndProjectSection
EndProject
Project("{8BC9CEB8-8B4A-11D0-8D11-00A0C91BC942}") = "App_PhysicsServerSharedMemoryBridgeTCP", "App_PhysicsServerSharedMemoryBridgeTCP.vcxproj", "{1678F9F6-31BE-FF4F-9956-0359B47BFA7B}"
	ProjectSection(ProjectDependencies) = postProject
		{EE574296-61FF-4544-876E-0CA84F9B5960} = {EE574296-61FF-4544-876E-0CA84F9B5960}
		{7613C4A2-A824-C546-8C70-8BCC6158022F} = {7613C4A2-A824-C546-8C70-8BCC6158022F}
		{FB6B692D-BDE7-EB44-97B4-1A75CB76ABAF} = {FB6B692D-BDE7-EB44-97B4-1A75CB76ABAF}
		{CCF8E383-67F7-C240-B332-14605A06E8D0} = {CCF8E383-67F7-C240-B332-14605A06E8D0}
	EndProjectSection
EndProject
Project("{8BC9CEB8-8B4A-11D0-8D11-00A0C91BC942}") = "App_PhysicsServerTCP", "App_PhysicsServerTCP.vcxproj", "{685D74BC-5BD2-494A-A7A3-165F9B04343D}"
	ProjectSection(ProjectDependencies) = postProject
		{EE574296-61FF-4544-876E-0CA84F9B5960} = {EE574296-61FF-4544-876E-0CA84F9B5960}
		{FB6B692D-BDE7-EB44-97B4-1A75CB76ABAF} = {FB6B692D-BDE7-EB44-97B4-1A75CB76ABAF}
		{0F6D6BBA-160D-DA4A-A26F-F990BD2AB0B1} = {0F6D6BBA-160D-DA4A-A26F-F990BD2AB0B1}
		{D7B018B3-3CCC-464C-A620-3A4519F81649} = {D7B018B3-3CCC-464C-A620-3A4519F81649}
		{5C927010-87B4-9A44-A8AD-EB3B2DA01A6C} = {5C927010-87B4-9A44-A8AD-EB3B2DA01A6C}
		{1E91C773-2988-064D-A21C-7907CEB10272} = {1E91C773-2988-064D-A21C-7907CEB10272}
		{CCF8E383-67F7-C240-B332-14605A06E8D0} = {CCF8E383-67F7-C240-B332-14605A06E8D0}
		{BAE5E522-3479-2540-AFF3-D7E829A9D4EB} = {BAE5E522-3479-2540-AFF3-D7E829A9D4EB}
	EndProjectSection
EndProject
Project("{8BC9CEB8-8B4A-11D0-8D11-00A0C91BC942}") = "pybullet_testplugin", "pybullet_testplugin.vcxproj", "{1C329A3E-160F-7444-8D43-CC93D8786C78}"
	ProjectSection(ProjectDependencies) = postProject
		{7613C4A2-A824-C546-8C70-8BCC6158022F} = {7613C4A2-A824-C546-8C70-8BCC6158022F}
		{FB6B692D-BDE7-EB44-97B4-1A75CB76ABAF} = {FB6B692D-BDE7-EB44-97B4-1A75CB76ABAF}
		{CCF8E383-67F7-C240-B332-14605A06E8D0} = {CCF8E383-67F7-C240-B332-14605A06E8D0}
	EndProjectSection
EndProject
Project("{8BC9CEB8-8B4A-11D0-8D11-00A0C91BC942}") = "pybullet_vrSyncPlugin", "pybullet_vrSyncPlugin.vcxproj", "{E189BBD7-CC6F-8640-85D3-0855960FA37D}"
	ProjectSection(ProjectDependencies) = postProject
		{7613C4A2-A824-C546-8C70-8BCC6158022F} = {7613C4A2-A824-C546-8C70-8BCC6158022F}
		{FB6B692D-BDE7-EB44-97B4-1A75CB76ABAF} = {FB6B692D-BDE7-EB44-97B4-1A75CB76ABAF}
		{CCF8E383-67F7-C240-B332-14605A06E8D0} = {CCF8E383-67F7-C240-B332-14605A06E8D0}
	EndProjectSection
EndProject
Project("{8BC9CEB8-8B4A-11D0-8D11-00A0C91BC942}") = "BussIK", "BussIK.vcxproj", "{BAE5E522-3479-2540-AFF3-D7E829A9D4EB}"
EndProject
Project("{8BC9CEB8-8B4A-11D0-8D11-00A0C91BC942}") = "pybullet", "pybullet.vcxproj", "{C993367E-F28B-5946-8231-AE5C0EBFF38B}"
	ProjectSection(ProjectDependencies) = postProject
		{C6BB1991-548B-EF48-9894-250ED2CF20D5} = {C6BB1991-548B-EF48-9894-250ED2CF20D5}
		{7D770073-8BC2-1849-9CCE-895673604110} = {7D770073-8BC2-1849-9CCE-895673604110}
		{7613C4A2-A824-C546-8C70-8BCC6158022F} = {7613C4A2-A824-C546-8C70-8BCC6158022F}
		{76947ECC-448E-EC4F-94BC-6F3B0818BDE4} = {76947ECC-448E-EC4F-94BC-6F3B0818BDE4}
		{F4DFEA00-171A-704D-99D0-836A54D31AB7} = {F4DFEA00-171A-704D-99D0-836A54D31AB7}
		{4B5B0717-13EF-D244-8AA8-6B21F053C3A9} = {4B5B0717-13EF-D244-8AA8-6B21F053C3A9}
		{0F6D6BBA-160D-DA4A-A26F-F990BD2AB0B1} = {0F6D6BBA-160D-DA4A-A26F-F990BD2AB0B1}
		{D7B018B3-3CCC-464C-A620-3A4519F81649} = {D7B018B3-3CCC-464C-A620-3A4519F81649}
		{5C927010-87B4-9A44-A8AD-EB3B2DA01A6C} = {5C927010-87B4-9A44-A8AD-EB3B2DA01A6C}
		{1E91C773-2988-064D-A21C-7907CEB10272} = {1E91C773-2988-064D-A21C-7907CEB10272}
		{CCF8E383-67F7-C240-B332-14605A06E8D0} = {CCF8E383-67F7-C240-B332-14605A06E8D0}
		{BAE5E522-3479-2540-AFF3-D7E829A9D4EB} = {BAE5E522-3479-2540-AFF3-D7E829A9D4EB}
		{FB6B692D-BDE7-EB44-97B4-1A75CB76ABAF} = {FB6B692D-BDE7-EB44-97B4-1A75CB76ABAF}
		{7E55BFB8-E69A-C64E-8EAD-96FED9FAC81E} = {7E55BFB8-E69A-C64E-8EAD-96FED9FAC81E}
		{BFDBFB85-8FD0-9542-9B13-8CDE7F8B8929} = {BFDBFB85-8FD0-9542-9B13-8CDE7F8B8929}
		{683686E7-84A7-4546-A5B8-AA8B9612D65B} = {683686E7-84A7-4546-A5B8-AA8B9612D65B}
		{E2A2B329-AA64-314E-90A9-7AAB617FC126} = {E2A2B329-AA64-314E-90A9-7AAB617FC126}
		{6B631370-5FAC-E740-996B-B5F24F98D6AE} = {6B631370-5FAC-E740-996B-B5F24F98D6AE}
		{EE574296-61FF-4544-876E-0CA84F9B5960} = {EE574296-61FF-4544-876E-0CA84F9B5960}
	EndProjectSection
EndProject
Project("{8BC9CEB8-8B4A-11D0-8D11-00A0C91BC942}") = "App_SimpleOpenGL3", "App_SimpleOpenGL3.vcxproj", "{5CAE604D-3F26-8446-8DA0-9A6F0E99C7C6}"
	ProjectSection(ProjectDependencies) = postProject
		{F4DFEA00-171A-704D-99D0-836A54D31AB7} = {F4DFEA00-171A-704D-99D0-836A54D31AB7}
		{FB6B692D-BDE7-EB44-97B4-1A75CB76ABAF} = {FB6B692D-BDE7-EB44-97B4-1A75CB76ABAF}
	EndProjectSection
EndProject
Project("{8BC9CEB8-8B4A-11D0-8D11-00A0C91BC942}") = "Test_SharedMemoryPhysicsClient", "Test_SharedMemoryPhysicsClient.vcxproj", "{7E8752C6-0439-B040-9514-B2872E27A32C}"
	ProjectSection(ProjectDependencies) = postProject
		{7613C4A2-A824-C546-8C70-8BCC6158022F} = {7613C4A2-A824-C546-8C70-8BCC6158022F}
		{FB6B692D-BDE7-EB44-97B4-1A75CB76ABAF} = {FB6B692D-BDE7-EB44-97B4-1A75CB76ABAF}
		{CCF8E383-67F7-C240-B332-14605A06E8D0} = {CCF8E383-67F7-C240-B332-14605A06E8D0}
	EndProjectSection
EndProject
Project("{8BC9CEB8-8B4A-11D0-8D11-00A0C91BC942}") = "Test_PhysicsClientUDP", "Test_PhysicsClientUDP.vcxproj", "{12F86274-56AF-7B41-B736-CA6104FD618C}"
	ProjectSection(ProjectDependencies) = postProject
		{6B631370-5FAC-E740-996B-B5F24F98D6AE} = {6B631370-5FAC-E740-996B-B5F24F98D6AE}
		{7613C4A2-A824-C546-8C70-8BCC6158022F} = {7613C4A2-A824-C546-8C70-8BCC6158022F}
		{FB6B692D-BDE7-EB44-97B4-1A75CB76ABAF} = {FB6B692D-BDE7-EB44-97B4-1A75CB76ABAF}
		{CCF8E383-67F7-C240-B332-14605A06E8D0} = {CCF8E383-67F7-C240-B332-14605A06E8D0}
	EndProjectSection
EndProject
Project("{8BC9CEB8-8B4A-11D0-8D11-00A0C91BC942}") = "Test_PhysicsClientTCP", "Test_PhysicsClientTCP.vcxproj", "{7DAFA510-65AC-2B47-8BF3-1FD56075CB0E}"
	ProjectSection(ProjectDependencies) = postProject
		{EE574296-61FF-4544-876E-0CA84F9B5960} = {EE574296-61FF-4544-876E-0CA84F9B5960}
		{7613C4A2-A824-C546-8C70-8BCC6158022F} = {7613C4A2-A824-C546-8C70-8BCC6158022F}
		{FB6B692D-BDE7-EB44-97B4-1A75CB76ABAF} = {FB6B692D-BDE7-EB44-97B4-1A75CB76ABAF}
		{CCF8E383-67F7-C240-B332-14605A06E8D0} = {CCF8E383-67F7-C240-B332-14605A06E8D0}
	EndProjectSection
EndProject
Project("{8BC9CEB8-8B4A-11D0-8D11-00A0C91BC942}") = "Test_PhysicsServerLoopBack", "Test_PhysicsServerLoopBack.vcxproj", "{D9DE7F67-58EB-ED4B-937B-11692DE4DC55}"
	ProjectSection(ProjectDependencies) = postProject
		{0F6D6BBA-160D-DA4A-A26F-F990BD2AB0B1} = {0F6D6BBA-160D-DA4A-A26F-F990BD2AB0B1}
		{D7B018B3-3CCC-464C-A620-3A4519F81649} = {D7B018B3-3CCC-464C-A620-3A4519F81649}
		{7613C4A2-A824-C546-8C70-8BCC6158022F} = {7613C4A2-A824-C546-8C70-8BCC6158022F}
		{76947ECC-448E-EC4F-94BC-6F3B0818BDE4} = {76947ECC-448E-EC4F-94BC-6F3B0818BDE4}
		{FB6B692D-BDE7-EB44-97B4-1A75CB76ABAF} = {FB6B692D-BDE7-EB44-97B4-1A75CB76ABAF}
		{5C927010-87B4-9A44-A8AD-EB3B2DA01A6C} = {5C927010-87B4-9A44-A8AD-EB3B2DA01A6C}
		{1E91C773-2988-064D-A21C-7907CEB10272} = {1E91C773-2988-064D-A21C-7907CEB10272}
		{BAE5E522-3479-2540-AFF3-D7E829A9D4EB} = {BAE5E522-3479-2540-AFF3-D7E829A9D4EB}
		{CCF8E383-67F7-C240-B332-14605A06E8D0} = {CCF8E383-67F7-C240-B332-14605A06E8D0}
	EndProjectSection
EndProject
Project("{8BC9CEB8-8B4A-11D0-8D11-00A0C91BC942}") = "Test_PhysicsServerDirect", "Test_PhysicsServerDirect.vcxproj", "{BCDFEE5E-5AB4-774D-9F6D-8662F9286680}"
	ProjectSection(ProjectDependencies) = postProject
		{0F6D6BBA-160D-DA4A-A26F-F990BD2AB0B1} = {0F6D6BBA-160D-DA4A-A26F-F990BD2AB0B1}
		{D7B018B3-3CCC-464C-A620-3A4519F81649} = {D7B018B3-3CCC-464C-A620-3A4519F81649}
		{7613C4A2-A824-C546-8C70-8BCC6158022F} = {7613C4A2-A824-C546-8C70-8BCC6158022F}
		{76947ECC-448E-EC4F-94BC-6F3B0818BDE4} = {76947ECC-448E-EC4F-94BC-6F3B0818BDE4}
		{FB6B692D-BDE7-EB44-97B4-1A75CB76ABAF} = {FB6B692D-BDE7-EB44-97B4-1A75CB76ABAF}
		{5C927010-87B4-9A44-A8AD-EB3B2DA01A6C} = {5C927010-87B4-9A44-A8AD-EB3B2DA01A6C}
		{1E91C773-2988-064D-A21C-7907CEB10272} = {1E91C773-2988-064D-A21C-7907CEB10272}
		{BAE5E522-3479-2540-AFF3-D7E829A9D4EB} = {BAE5E522-3479-2540-AFF3-D7E829A9D4EB}
		{CCF8E383-67F7-C240-B332-14605A06E8D0} = {CCF8E383-67F7-C240-B332-14605A06E8D0}
	EndProjectSection
EndProject
Project("{8BC9CEB8-8B4A-11D0-8D11-00A0C91BC942}") = "Test_PhysicsServerInProcessExampleBrowser", "Test_PhysicsServerInProcessExampleBrowser.vcxproj", "{530083AA-A7A3-6B48-B4A7-288C57A65C8C}"
	ProjectSection(ProjectDependencies) = postProject
		{C6BB1991-548B-EF48-9894-250ED2CF20D5} = {C6BB1991-548B-EF48-9894-250ED2CF20D5}
		{7D770073-8BC2-1849-9CCE-895673604110} = {7D770073-8BC2-1849-9CCE-895673604110}
		{F4DFEA00-171A-704D-99D0-836A54D31AB7} = {F4DFEA00-171A-704D-99D0-836A54D31AB7}
		{7613C4A2-A824-C546-8C70-8BCC6158022F} = {7613C4A2-A824-C546-8C70-8BCC6158022F}
		{76947ECC-448E-EC4F-94BC-6F3B0818BDE4} = {76947ECC-448E-EC4F-94BC-6F3B0818BDE4}
		{4B5B0717-13EF-D244-8AA8-6B21F053C3A9} = {4B5B0717-13EF-D244-8AA8-6B21F053C3A9}
		{0F6D6BBA-160D-DA4A-A26F-F990BD2AB0B1} = {0F6D6BBA-160D-DA4A-A26F-F990BD2AB0B1}
		{D7B018B3-3CCC-464C-A620-3A4519F81649} = {D7B018B3-3CCC-464C-A620-3A4519F81649}
		{5C927010-87B4-9A44-A8AD-EB3B2DA01A6C} = {5C927010-87B4-9A44-A8AD-EB3B2DA01A6C}
		{1E91C773-2988-064D-A21C-7907CEB10272} = {1E91C773-2988-064D-A21C-7907CEB10272}
		{CCF8E383-67F7-C240-B332-14605A06E8D0} = {CCF8E383-67F7-C240-B332-14605A06E8D0}
		{BAE5E522-3479-2540-AFF3-D7E829A9D4EB} = {BAE5E522-3479-2540-AFF3-D7E829A9D4EB}
		{FB6B692D-BDE7-EB44-97B4-1A75CB76ABAF} = {FB6B692D-BDE7-EB44-97B4-1A75CB76ABAF}
		{7E55BFB8-E69A-C64E-8EAD-96FED9FAC81E} = {7E55BFB8-E69A-C64E-8EAD-96FED9FAC81E}
		{BFDBFB85-8FD0-9542-9B13-8CDE7F8B8929} = {BFDBFB85-8FD0-9542-9B13-8CDE7F8B8929}
		{683686E7-84A7-4546-A5B8-AA8B9612D65B} = {683686E7-84A7-4546-A5B8-AA8B9612D65B}
		{E2A2B329-AA64-314E-90A9-7AAB617FC126} = {E2A2B329-AA64-314E-90A9-7AAB617FC126}
	EndProjectSection
EndProject
Project("{8BC9CEB8-8B4A-11D0-8D11-00A0C91BC942}") = "rtMidiTest", "rtMidiTest.vcxproj", "{0B63A428-09FA-5A43-AFCD-CBD3E010BE5E}"
EndProject
Project("{8BC9CEB8-8B4A-11D0-8D11-00A0C91BC942}") = "clsocket", "clsocket.vcxproj", "{EE574296-61FF-4544-876E-0CA84F9B5960}"
EndProject
Project("{8BC9CEB8-8B4A-11D0-8D11-00A0C91BC942}") = "Test_clsocket_EchoServer", "Test_clsocket_EchoServer.vcxproj", "{549E1FA6-A23E-4047-95BC-A190C24B6F15}"
	ProjectSection(ProjectDependencies) = postProject
		{EE574296-61FF-4544-876E-0CA84F9B5960} = {EE574296-61FF-4544-876E-0CA84F9B5960}
	EndProjectSection
EndProject
Project("{8BC9CEB8-8B4A-11D0-8D11-00A0C91BC942}") = "Test_clsocket_QueryDayTime", "Test_clsocket_QueryDayTime.vcxproj", "{CB3CF491-EFA0-6B4C-8204-426E2CFBD121}"
	ProjectSection(ProjectDependencies) = postProject
		{EE574296-61FF-4544-876E-0CA84F9B5960} = {EE574296-61FF-4544-876E-0CA84F9B5960}
	EndProjectSection
EndProject
Project("{8BC9CEB8-8B4A-11D0-8D11-00A0C91BC942}") = "enet", "enet.vcxproj", "{6B631370-5FAC-E740-996B-B5F24F98D6AE}"
EndProject
Project("{8BC9CEB8-8B4A-11D0-8D11-00A0C91BC942}") = "Test_enet_nat_punchthrough_client", "Test_enet_nat_punchthrough_client.vcxproj", "{38BE9724-1464-7B41-85EC-C72B0F11357B}"
	ProjectSection(ProjectDependencies) = postProject
		{6B631370-5FAC-E740-996B-B5F24F98D6AE} = {6B631370-5FAC-E740-996B-B5F24F98D6AE}
	EndProjectSection
EndProject
Project("{8BC9CEB8-8B4A-11D0-8D11-00A0C91BC942}") = "Test_enet_nat_punchthrough_server", "Test_enet_nat_punchthrough_server.vcxproj", "{DB410BF7-43D4-3C43-A33B-B7305F5925AA}"
	ProjectSection(ProjectDependencies) = postProject
		{6B631370-5FAC-E740-996B-B5F24F98D6AE} = {6B631370-5FAC-E740-996B-B5F24F98D6AE}
	EndProjectSection
EndProject
Project("{8BC9CEB8-8B4A-11D0-8D11-00A0C91BC942}") = "Test_enet_chat_client", "Test_enet_chat_client.vcxproj", "{B90AC029-70DE-644E-BAA4-3CFF35051053}"
	ProjectSection(ProjectDependencies) = postProject
		{6B631370-5FAC-E740-996B-B5F24F98D6AE} = {6B631370-5FAC-E740-996B-B5F24F98D6AE}
	EndProjectSection
EndProject
Project("{8BC9CEB8-8B4A-11D0-8D11-00A0C91BC942}") = "Test_enet_chat_server", "Test_enet_chat_server.vcxproj", "{6E7BDC55-61EE-FC43-8EB9-2F0B917E98A5}"
	ProjectSection(ProjectDependencies) = postProject
		{6B631370-5FAC-E740-996B-B5F24F98D6AE} = {6B631370-5FAC-E740-996B-B5F24F98D6AE}
	EndProjectSection
EndProject
Project("{8BC9CEB8-8B4A-11D0-8D11-00A0C91BC942}") = "Bullet3Common", "Bullet3Common.vcxproj", "{FB6B692D-BDE7-EB44-97B4-1A75CB76ABAF}"
EndProject
Project("{8BC9CEB8-8B4A-11D0-8D11-00A0C91BC942}") = "Bullet3Geometry", "Bullet3Geometry.vcxproj", "{E2A2B329-AA64-314E-90A9-7AAB617FC126}"
EndProject
Project("{8BC9CEB8-8B4A-11D0-8D11-00A0C91BC942}") = "Bullet3Collision", "Bullet3Collision.vcxproj", "{683686E7-84A7-4546-A5B8-AA8B9612D65B}"
EndProject
Project("{8BC9CEB8-8B4A-11D0-8D11-00A0C91BC942}") = "Bullet3Dynamics", "Bullet3Dynamics.vcxproj", "{BFDBFB85-8FD0-9542-9B13-8CDE7F8B8929}"
EndProject
Project("{8BC9CEB8-8B4A-11D0-8D11-00A0C91BC942}") = "Bullet3OpenCL_clew", "Bullet3OpenCL_clew.vcxproj", "{7E55BFB8-E69A-C64E-8EAD-96FED9FAC81E}"
EndProject
Project("{8BC9CEB8-8B4A-11D0-8D11-00A0C91BC942}") = "Bullet2FileLoader", "Bullet2FileLoader.vcxproj", "{BBA0AA55-D84E-9F43-B3E4-72B085EB831D}"
EndProject
Project("{8BC9CEB8-8B4A-11D0-8D11-00A0C91BC942}") = "HACD", "HACD.vcxproj", "{40F8E522-D6FD-B842-8F60-AAFD5FCBEF4E}"
EndProject
Project("{8BC9CEB8-8B4A-11D0-8D11-00A0C91BC942}") = "vhacd", "vhacd.vcxproj", "{3C5EBD13-CAA9-FD46-A7AF-91715CB9B1B4}"
EndProject
Project("{8BC9CEB8-8B4A-11D0-8D11-00A0C91BC942}") = "test_vhacd", "test_vhacd.vcxproj", "{596326DA-85EA-5B4C-AA78-CCDA4623D47B}"
	ProjectSection(ProjectDependencies) = postProject
		{3C5EBD13-CAA9-FD46-A7AF-91715CB9B1B4} = {3C5EBD13-CAA9-FD46-A7AF-91715CB9B1B4}
	EndProjectSection
EndProject
Project("{8BC9CEB8-8B4A-11D0-8D11-00A0C91BC942}") = "ConvexDecomposition", "ConvexDecomposition.vcxproj", "{890ED897-BBC0-2F4F-81A8-6DE7A8D900B8}"
EndProject
Project("{8BC9CEB8-8B4A-11D0-8D11-00A0C91BC942}") = "BulletInverseDynamicsUtils", "BulletInverseDynamicsUtils.vcxproj", "{0F6D6BBA-160D-DA4A-A26F-F990BD2AB0B1}"
EndProject
Project("{8BC9CEB8-8B4A-11D0-8D11-00A0C91BC942}") = "BulletFileLoader", "BulletFileLoader.vcxproj", "{7613C4A2-A824-C546-8C70-8BCC6158022F}"
EndProject
Project("{8BC9CEB8-8B4A-11D0-8D11-00A0C91BC942}") = "BulletWorldImporter", "BulletWorldImporter.vcxproj", "{76947ECC-448E-EC4F-94BC-6F3B0818BDE4}"
EndProject
Project("{8BC9CEB8-8B4A-11D0-8D11-00A0C91BC942}") = "BulletXmlWorldImporter", "BulletXmlWorldImporter.vcxproj", "{24C6F874-6406-F945-B4ED-CC30C8B76BD0}"
EndProject
Project("{8BC9CEB8-8B4A-11D0-8D11-00A0C91BC942}") = "App_obj2sdf", "App_obj2sdf.vcxproj", "{554C20A8-8137-7644-B0CE-F1E8BF6F0124}"
	ProjectSection(ProjectDependencies) = postProject
		{FB6B692D-BDE7-EB44-97B4-1A75CB76ABAF} = {FB6B692D-BDE7-EB44-97B4-1A75CB76ABAF}
	EndProjectSection
EndProject
Project("{8BC9CEB8-8B4A-11D0-8D11-00A0C91BC942}") = "Test_LinearMath", "Test_LinearMath.vcxproj", "{424F7E74-8B55-E340-A62D-AD004A68C473}"
	ProjectSection(ProjectDependencies) = postProject
		{5C927010-87B4-9A44-A8AD-EB3B2DA01A6C} = {5C927010-87B4-9A44-A8AD-EB3B2DA01A6C}
		{1E91C773-2988-064D-A21C-7907CEB10272} = {1E91C773-2988-064D-A21C-7907CEB10272}
		{CCF8E383-67F7-C240-B332-14605A06E8D0} = {CCF8E383-67F7-C240-B332-14605A06E8D0}
	EndProjectSection
EndProject
Project("{8BC9CEB8-8B4A-11D0-8D11-00A0C91BC942}") = "gtest", "gtest.vcxproj", "{FB846EFF-46E3-434E-B1BD-D1A598E38B4B}"
EndProject
Project("{8BC9CEB8-8B4A-11D0-8D11-00A0C91BC942}") = "Test_BulletCollision", "Test_BulletCollision.vcxproj", "{1DB2F1E2-EB44-4E48-AF2B-1C1AE4FA31DB}"
	ProjectSection(ProjectDependencies) = postProject
		{CCF8E383-67F7-C240-B332-14605A06E8D0} = {CCF8E383-67F7-C240-B332-14605A06E8D0}
		{FB846EFF-46E3-434E-B1BD-D1A598E38B4B} = {FB846EFF-46E3-434E-B1BD-D1A598E38B4B}
	EndProjectSection
EndProject
Project("{8BC9CEB8-8B4A-11D0-8D11-00A0C91BC942}") = "Test_BulletDynamics", "Test_BulletDynamics.vcxproj", "{0D9A2D52-20DE-0943-8436-C578E65A9984}"
	ProjectSection(ProjectDependencies) = postProject
		{5C927010-87B4-9A44-A8AD-EB3B2DA01A6C} = {5C927010-87B4-9A44-A8AD-EB3B2DA01A6C}
		{1E91C773-2988-064D-A21C-7907CEB10272} = {1E91C773-2988-064D-A21C-7907CEB10272}
		{CCF8E383-67F7-C240-B332-14605A06E8D0} = {CCF8E383-67F7-C240-B332-14605A06E8D0}
		{FB846EFF-46E3-434E-B1BD-D1A598E38B4B} = {FB846EFF-46E3-434E-B1BD-D1A598E38B4B}
	EndProjectSection
EndProject
Project("{8BC9CEB8-8B4A-11D0-8D11-00A0C91BC942}") = "Test_InverseDynamicsKinematics", "Test_InverseDynamicsKinematics.vcxproj", "{C15FFF85-2FBC-0048-9BEE-148036509194}"
	ProjectSection(ProjectDependencies) = postProject
		{0F6D6BBA-160D-DA4A-A26F-F990BD2AB0B1} = {0F6D6BBA-160D-DA4A-A26F-F990BD2AB0B1}
		{D7B018B3-3CCC-464C-A620-3A4519F81649} = {D7B018B3-3CCC-464C-A620-3A4519F81649}
		{FB6B692D-BDE7-EB44-97B4-1A75CB76ABAF} = {FB6B692D-BDE7-EB44-97B4-1A75CB76ABAF}
		{CCF8E383-67F7-C240-B332-14605A06E8D0} = {CCF8E383-67F7-C240-B332-14605A06E8D0}
		{FB846EFF-46E3-434E-B1BD-D1A598E38B4B} = {FB846EFF-46E3-434E-B1BD-D1A598E38B4B}
	EndProjectSection
EndProject
Project("{8BC9CEB8-8B4A-11D0-8D11-00A0C91BC942}") = "Test_InverseDynamicsJacobian", "Test_InverseDynamicsJacobian.vcxproj", "{15EDFBE7-DDF0-9B43-90EA-0992A14246A3}"
	ProjectSection(ProjectDependencies) = postProject
		{0F6D6BBA-160D-DA4A-A26F-F990BD2AB0B1} = {0F6D6BBA-160D-DA4A-A26F-F990BD2AB0B1}
		{D7B018B3-3CCC-464C-A620-3A4519F81649} = {D7B018B3-3CCC-464C-A620-3A4519F81649}
		{FB6B692D-BDE7-EB44-97B4-1A75CB76ABAF} = {FB6B692D-BDE7-EB44-97B4-1A75CB76ABAF}
		{CCF8E383-67F7-C240-B332-14605A06E8D0} = {CCF8E383-67F7-C240-B332-14605A06E8D0}
		{FB846EFF-46E3-434E-B1BD-D1A598E38B4B} = {FB846EFF-46E3-434E-B1BD-D1A598E38B4B}
	EndProjectSection
EndProject
Project("{8BC9CEB8-8B4A-11D0-8D11-00A0C91BC942}") = "Test_InverseForwardDynamics", "Test_InverseForwardDynamics.vcxproj", "{C551C442-9E1C-E048-8791-556269EAB589}"
	ProjectSection(ProjectDependencies) = postProject
		{5C927010-87B4-9A44-A8AD-EB3B2DA01A6C} = {5C927010-87B4-9A44-A8AD-EB3B2DA01A6C}
		{1E91C773-2988-064D-A21C-7907CEB10272} = {1E91C773-2988-064D-A21C-7907CEB10272}
		{0F6D6BBA-160D-DA4A-A26F-F990BD2AB0B1} = {0F6D6BBA-160D-DA4A-A26F-F990BD2AB0B1}
		{D7B018B3-3CCC-464C-A620-3A4519F81649} = {D7B018B3-3CCC-464C-A620-3A4519F81649}
		{FB6B692D-BDE7-EB44-97B4-1A75CB76ABAF} = {FB6B692D-BDE7-EB44-97B4-1A75CB76ABAF}
		{CCF8E383-67F7-C240-B332-14605A06E8D0} = {CCF8E383-67F7-C240-B332-14605A06E8D0}
		{FB846EFF-46E3-434E-B1BD-D1A598E38B4B} = {FB846EFF-46E3-434E-B1BD-D1A598E38B4B}
	EndProjectSection
EndProject
Project("{8BC9CEB8-8B4A-11D0-8D11-00A0C91BC942}") = "Test_OpenCL_Bullet3", "Test_OpenCL_Bullet3.vcxproj", "{D35D8A64-9938-4347-902B-F2E07DE54F66}"
	ProjectSection(ProjectDependencies) = postProject
		{FB846EFF-46E3-434E-B1BD-D1A598E38B4B} = {FB846EFF-46E3-434E-B1BD-D1A598E38B4B}
		{7E55BFB8-E69A-C64E-8EAD-96FED9FAC81E} = {7E55BFB8-E69A-C64E-8EAD-96FED9FAC81E}
		{FB6B692D-BDE7-EB44-97B4-1A75CB76ABAF} = {FB6B692D-BDE7-EB44-97B4-1A75CB76ABAF}
	EndProjectSection
EndProject
Project("{8BC9CEB8-8B4A-11D0-8D11-00A0C91BC942}") = "Test_Gwen_OpenGL", "Test_Gwen_OpenGL.vcxproj", "{4D4CBF12-5771-5044-A69D-A4D2C7EAA2DA}"
	ProjectSection(ProjectDependencies) = postProject
		{7D770073-8BC2-1849-9CCE-895673604110} = {7D770073-8BC2-1849-9CCE-895673604110}
		{FB6B692D-BDE7-EB44-97B4-1A75CB76ABAF} = {FB6B692D-BDE7-EB44-97B4-1A75CB76ABAF}
	EndProjectSection
EndProject
Project("{8BC9CEB8-8B4A-11D0-8D11-00A0C91BC942}") = "BulletInverseDynamics", "BulletInverseDynamics.vcxproj", "{D7B018B3-3CCC-464C-A620-3A4519F81649}"
EndProject
Project("{8BC9CEB8-8B4A-11D0-8D11-00A0C91BC942}") = "BulletSoftBody", "BulletSoftBody.vcxproj", "{4B5B0717-13EF-D244-8AA8-6B21F053C3A9}"
EndProject
Project("{8BC9CEB8-8B4A-11D0-8D11-00A0C91BC942}") = "BulletDynamics", "BulletDynamics.vcxproj", "{5C927010-87B4-9A44-A8AD-EB3B2DA01A6C}"
EndProject
Project("{8BC9CEB8-8B4A-11D0-8D11-00A0C91BC942}") = "BulletCollision", "BulletCollision.vcxproj", "{1E91C773-2988-064D-A21C-7907CEB10272}"
EndProject
Project("{8BC9CEB8-8B4A-11D0-8D11-00A0C91BC942}") = "LinearMath", "LinearMath.vcxproj", "{CCF8E383-67F7-C240-B332-14605A06E8D0}"
EndProject
Global
	GlobalSection(SolutionConfigurationPlatforms) = preSolution
		Release|Win32 = Release|Win32
		Release|x64 = Release|x64
		Debug|Win32 = Debug|Win32
		Debug|x64 = Debug|x64
	EndGlobalSection
	GlobalSection(ProjectConfigurationPlatforms) = postSolution
		{369898D4-866F-414E-9426-28B56FC96B86}.Release|Win32.ActiveCfg = Release|Win32
		{369898D4-866F-414E-9426-28B56FC96B86}.Release|Win32.Build.0 = Release|Win32
		{369898D4-866F-414E-9426-28B56FC96B86}.Release|x64.ActiveCfg = Release|x64
		{369898D4-866F-414E-9426-28B56FC96B86}.Release|x64.Build.0 = Release|x64
		{369898D4-866F-414E-9426-28B56FC96B86}.Debug|Win32.ActiveCfg = Debug|Win32
		{369898D4-866F-414E-9426-28B56FC96B86}.Debug|Win32.Build.0 = Debug|Win32
		{369898D4-866F-414E-9426-28B56FC96B86}.Debug|x64.ActiveCfg = Debug|x64
		{369898D4-866F-414E-9426-28B56FC96B86}.Debug|x64.Build.0 = Debug|x64
		{C6BB1991-548B-EF48-9894-250ED2CF20D5}.Release|Win32.ActiveCfg = Release|Win32
		{C6BB1991-548B-EF48-9894-250ED2CF20D5}.Release|Win32.Build.0 = Release|Win32
		{C6BB1991-548B-EF48-9894-250ED2CF20D5}.Release|x64.ActiveCfg = Release|x64
		{C6BB1991-548B-EF48-9894-250ED2CF20D5}.Release|x64.Build.0 = Release|x64
		{C6BB1991-548B-EF48-9894-250ED2CF20D5}.Debug|Win32.ActiveCfg = Debug|Win32
		{C6BB1991-548B-EF48-9894-250ED2CF20D5}.Debug|Win32.Build.0 = Debug|Win32
		{C6BB1991-548B-EF48-9894-250ED2CF20D5}.Debug|x64.ActiveCfg = Debug|x64
		{C6BB1991-548B-EF48-9894-250ED2CF20D5}.Debug|x64.Build.0 = Debug|x64
		{CB0F7AE3-EC8D-8A44-A7E4-86B0AA9D99CC}.Release|Win32.ActiveCfg = Release|Win32
		{CB0F7AE3-EC8D-8A44-A7E4-86B0AA9D99CC}.Release|Win32.Build.0 = Release|Win32
		{CB0F7AE3-EC8D-8A44-A7E4-86B0AA9D99CC}.Release|x64.ActiveCfg = Release|x64
		{CB0F7AE3-EC8D-8A44-A7E4-86B0AA9D99CC}.Release|x64.Build.0 = Release|x64
		{CB0F7AE3-EC8D-8A44-A7E4-86B0AA9D99CC}.Debug|Win32.ActiveCfg = Debug|Win32
		{CB0F7AE3-EC8D-8A44-A7E4-86B0AA9D99CC}.Debug|Win32.Build.0 = Debug|Win32
		{CB0F7AE3-EC8D-8A44-A7E4-86B0AA9D99CC}.Debug|x64.ActiveCfg = Debug|x64
		{CB0F7AE3-EC8D-8A44-A7E4-86B0AA9D99CC}.Debug|x64.Build.0 = Debug|x64
		{F4DFEA00-171A-704D-99D0-836A54D31AB7}.Release|Win32.ActiveCfg = Release|Win32
		{F4DFEA00-171A-704D-99D0-836A54D31AB7}.Release|Win32.Build.0 = Release|Win32
		{F4DFEA00-171A-704D-99D0-836A54D31AB7}.Release|x64.ActiveCfg = Release|x64
		{F4DFEA00-171A-704D-99D0-836A54D31AB7}.Release|x64.Build.0 = Release|x64
		{F4DFEA00-171A-704D-99D0-836A54D31AB7}.Debug|Win32.ActiveCfg = Debug|Win32
		{F4DFEA00-171A-704D-99D0-836A54D31AB7}.Debug|Win32.Build.0 = Debug|Win32
		{F4DFEA00-171A-704D-99D0-836A54D31AB7}.Debug|x64.ActiveCfg = Debug|x64
		{F4DFEA00-171A-704D-99D0-836A54D31AB7}.Debug|x64.Build.0 = Debug|x64
		{7D770073-8BC2-1849-9CCE-895673604110}.Release|Win32.ActiveCfg = Release|Win32
		{7D770073-8BC2-1849-9CCE-895673604110}.Release|Win32.Build.0 = Release|Win32
		{7D770073-8BC2-1849-9CCE-895673604110}.Release|x64.ActiveCfg = Release|x64
		{7D770073-8BC2-1849-9CCE-895673604110}.Release|x64.Build.0 = Release|x64
		{7D770073-8BC2-1849-9CCE-895673604110}.Debug|Win32.ActiveCfg = Debug|Win32
		{7D770073-8BC2-1849-9CCE-895673604110}.Debug|Win32.Build.0 = Debug|Win32
		{7D770073-8BC2-1849-9CCE-895673604110}.Debug|x64.ActiveCfg = Debug|x64
		{7D770073-8BC2-1849-9CCE-895673604110}.Debug|x64.Build.0 = Debug|x64
		{03306B36-D7EB-154F-AC84-FEB0C9E24E3C}.Release|Win32.ActiveCfg = Release|Win32
		{03306B36-D7EB-154F-AC84-FEB0C9E24E3C}.Release|Win32.Build.0 = Release|Win32
		{03306B36-D7EB-154F-AC84-FEB0C9E24E3C}.Release|x64.ActiveCfg = Release|x64
		{03306B36-D7EB-154F-AC84-FEB0C9E24E3C}.Release|x64.Build.0 = Release|x64
		{03306B36-D7EB-154F-AC84-FEB0C9E24E3C}.Debug|Win32.ActiveCfg = Debug|Win32
		{03306B36-D7EB-154F-AC84-FEB0C9E24E3C}.Debug|Win32.Build.0 = Debug|Win32
		{03306B36-D7EB-154F-AC84-FEB0C9E24E3C}.Debug|x64.ActiveCfg = Debug|x64
		{03306B36-D7EB-154F-AC84-FEB0C9E24E3C}.Debug|x64.Build.0 = Debug|x64
		{3E2A2FA8-3605-B642-971D-D39BFB0547AC}.Release|Win32.ActiveCfg = Release|Win32
		{3E2A2FA8-3605-B642-971D-D39BFB0547AC}.Release|Win32.Build.0 = Release|Win32
		{3E2A2FA8-3605-B642-971D-D39BFB0547AC}.Release|x64.ActiveCfg = Release|x64
		{3E2A2FA8-3605-B642-971D-D39BFB0547AC}.Release|x64.Build.0 = Release|x64
		{3E2A2FA8-3605-B642-971D-D39BFB0547AC}.Debug|Win32.ActiveCfg = Debug|Win32
		{3E2A2FA8-3605-B642-971D-D39BFB0547AC}.Debug|Win32.Build.0 = Debug|Win32
		{3E2A2FA8-3605-B642-971D-D39BFB0547AC}.Debug|x64.ActiveCfg = Debug|x64
		{3E2A2FA8-3605-B642-971D-D39BFB0547AC}.Debug|x64.Build.0 = Debug|x64
		{63539F33-37E3-CC4E-BC06-D2FAC11AC234}.Release|Win32.ActiveCfg = Release|Win32
		{63539F33-37E3-CC4E-BC06-D2FAC11AC234}.Release|Win32.Build.0 = Release|Win32
		{63539F33-37E3-CC4E-BC06-D2FAC11AC234}.Release|x64.ActiveCfg = Release|x64
		{63539F33-37E3-CC4E-BC06-D2FAC11AC234}.Release|x64.Build.0 = Release|x64
		{63539F33-37E3-CC4E-BC06-D2FAC11AC234}.Debug|Win32.ActiveCfg = Debug|Win32
		{63539F33-37E3-CC4E-BC06-D2FAC11AC234}.Debug|Win32.Build.0 = Debug|Win32
		{63539F33-37E3-CC4E-BC06-D2FAC11AC234}.Debug|x64.ActiveCfg = Debug|x64
		{63539F33-37E3-CC4E-BC06-D2FAC11AC234}.Debug|x64.Build.0 = Debug|x64
		{47C1ACC6-713C-144A-A5A4-4A60021B5118}.Release|Win32.ActiveCfg = Release|Win32
		{47C1ACC6-713C-144A-A5A4-4A60021B5118}.Release|Win32.Build.0 = Release|Win32
		{47C1ACC6-713C-144A-A5A4-4A60021B5118}.Release|x64.ActiveCfg = Release|x64
		{47C1ACC6-713C-144A-A5A4-4A60021B5118}.Release|x64.Build.0 = Release|x64
		{47C1ACC6-713C-144A-A5A4-4A60021B5118}.Debug|Win32.ActiveCfg = Debug|Win32
		{47C1ACC6-713C-144A-A5A4-4A60021B5118}.Debug|Win32.Build.0 = Debug|Win32
		{47C1ACC6-713C-144A-A5A4-4A60021B5118}.Debug|x64.ActiveCfg = Debug|x64
		{47C1ACC6-713C-144A-A5A4-4A60021B5118}.Debug|x64.Build.0 = Debug|x64
		{715FFCDA-3C75-E349-A12A-BB372F2AEEF3}.Release|Win32.ActiveCfg = Release|Win32
		{715FFCDA-3C75-E349-A12A-BB372F2AEEF3}.Release|Win32.Build.0 = Release|Win32
		{715FFCDA-3C75-E349-A12A-BB372F2AEEF3}.Release|x64.ActiveCfg = Release|x64
		{715FFCDA-3C75-E349-A12A-BB372F2AEEF3}.Release|x64.Build.0 = Release|x64
		{715FFCDA-3C75-E349-A12A-BB372F2AEEF3}.Debug|Win32.ActiveCfg = Debug|Win32
		{715FFCDA-3C75-E349-A12A-BB372F2AEEF3}.Debug|Win32.Build.0 = Debug|Win32
		{715FFCDA-3C75-E349-A12A-BB372F2AEEF3}.Debug|x64.ActiveCfg = Debug|x64
		{715FFCDA-3C75-E349-A12A-BB372F2AEEF3}.Debug|x64.Build.0 = Debug|x64
		{C2B8C977-3B87-7949-8592-DEE1E5DE4607}.Release|Win32.ActiveCfg = Release|Win32
		{C2B8C977-3B87-7949-8592-DEE1E5DE4607}.Release|Win32.Build.0 = Release|Win32
		{C2B8C977-3B87-7949-8592-DEE1E5DE4607}.Release|x64.ActiveCfg = Release|x64
		{C2B8C977-3B87-7949-8592-DEE1E5DE4607}.Release|x64.Build.0 = Release|x64
		{C2B8C977-3B87-7949-8592-DEE1E5DE4607}.Debug|Win32.ActiveCfg = Debug|Win32
		{C2B8C977-3B87-7949-8592-DEE1E5DE4607}.Debug|Win32.Build.0 = Debug|Win32
		{C2B8C977-3B87-7949-8592-DEE1E5DE4607}.Debug|x64.ActiveCfg = Debug|x64
		{C2B8C977-3B87-7949-8592-DEE1E5DE4607}.Debug|x64.Build.0 = Debug|x64
		{1678F9F6-31BE-FF4F-9956-0359B47BFA7B}.Release|Win32.ActiveCfg = Release|Win32
		{1678F9F6-31BE-FF4F-9956-0359B47BFA7B}.Release|Win32.Build.0 = Release|Win32
		{1678F9F6-31BE-FF4F-9956-0359B47BFA7B}.Release|x64.ActiveCfg = Release|x64
		{1678F9F6-31BE-FF4F-9956-0359B47BFA7B}.Release|x64.Build.0 = Release|x64
		{1678F9F6-31BE-FF4F-9956-0359B47BFA7B}.Debug|Win32.ActiveCfg = Debug|Win32
		{1678F9F6-31BE-FF4F-9956-0359B47BFA7B}.Debug|Win32.Build.0 = Debug|Win32
		{1678F9F6-31BE-FF4F-9956-0359B47BFA7B}.Debug|x64.ActiveCfg = Debug|x64
		{1678F9F6-31BE-FF4F-9956-0359B47BFA7B}.Debug|x64.Build.0 = Debug|x64
		{685D74BC-5BD2-494A-A7A3-165F9B04343D}.Release|Win32.ActiveCfg = Release|Win32
		{685D74BC-5BD2-494A-A7A3-165F9B04343D}.Release|Win32.Build.0 = Release|Win32
		{685D74BC-5BD2-494A-A7A3-165F9B04343D}.Release|x64.ActiveCfg = Release|x64
		{685D74BC-5BD2-494A-A7A3-165F9B04343D}.Release|x64.Build.0 = Release|x64
		{685D74BC-5BD2-494A-A7A3-165F9B04343D}.Debug|Win32.ActiveCfg = Debug|Win32
		{685D74BC-5BD2-494A-A7A3-165F9B04343D}.Debug|Win32.Build.0 = Debug|Win32
		{685D74BC-5BD2-494A-A7A3-165F9B04343D}.Debug|x64.ActiveCfg = Debug|x64
		{685D74BC-5BD2-494A-A7A3-165F9B04343D}.Debug|x64.Build.0 = Debug|x64
		{1C329A3E-160F-7444-8D43-CC93D8786C78}.Release|Win32.ActiveCfg = Release|Win32
		{1C329A3E-160F-7444-8D43-CC93D8786C78}.Release|Win32.Build.0 = Release|Win32
		{1C329A3E-160F-7444-8D43-CC93D8786C78}.Release|x64.ActiveCfg = Release|x64
		{1C329A3E-160F-7444-8D43-CC93D8786C78}.Release|x64.Build.0 = Release|x64
		{1C329A3E-160F-7444-8D43-CC93D8786C78}.Debug|Win32.ActiveCfg = Debug|Win32
		{1C329A3E-160F-7444-8D43-CC93D8786C78}.Debug|Win32.Build.0 = Debug|Win32
		{1C329A3E-160F-7444-8D43-CC93D8786C78}.Debug|x64.ActiveCfg = Debug|x64
		{1C329A3E-160F-7444-8D43-CC93D8786C78}.Debug|x64.Build.0 = Debug|x64
		{E189BBD7-CC6F-8640-85D3-0855960FA37D}.Release|Win32.ActiveCfg = Release|Win32
		{E189BBD7-CC6F-8640-85D3-0855960FA37D}.Release|Win32.Build.0 = Release|Win32
		{E189BBD7-CC6F-8640-85D3-0855960FA37D}.Release|x64.ActiveCfg = Release|x64
		{E189BBD7-CC6F-8640-85D3-0855960FA37D}.Release|x64.Build.0 = Release|x64
		{E189BBD7-CC6F-8640-85D3-0855960FA37D}.Debug|Win32.ActiveCfg = Debug|Win32
		{E189BBD7-CC6F-8640-85D3-0855960FA37D}.Debug|Win32.Build.0 = Debug|Win32
		{E189BBD7-CC6F-8640-85D3-0855960FA37D}.Debug|x64.ActiveCfg = Debug|x64
		{E189BBD7-CC6F-8640-85D3-0855960FA37D}.Debug|x64.Build.0 = Debug|x64
		{BAE5E522-3479-2540-AFF3-D7E829A9D4EB}.Release|Win32.ActiveCfg = Release|Win32
		{BAE5E522-3479-2540-AFF3-D7E829A9D4EB}.Release|Win32.Build.0 = Release|Win32
		{BAE5E522-3479-2540-AFF3-D7E829A9D4EB}.Release|x64.ActiveCfg = Release|x64
		{BAE5E522-3479-2540-AFF3-D7E829A9D4EB}.Release|x64.Build.0 = Release|x64
		{BAE5E522-3479-2540-AFF3-D7E829A9D4EB}.Debug|Win32.ActiveCfg = Debug|Win32
		{BAE5E522-3479-2540-AFF3-D7E829A9D4EB}.Debug|Win32.Build.0 = Debug|Win32
		{BAE5E522-3479-2540-AFF3-D7E829A9D4EB}.Debug|x64.ActiveCfg = Debug|x64
		{BAE5E522-3479-2540-AFF3-D7E829A9D4EB}.Debug|x64.Build.0 = Debug|x64
		{C993367E-F28B-5946-8231-AE5C0EBFF38B}.Release|Win32.ActiveCfg = Release|Win32
		{C993367E-F28B-5946-8231-AE5C0EBFF38B}.Release|Win32.Build.0 = Release|Win32
		{C993367E-F28B-5946-8231-AE5C0EBFF38B}.Release|x64.ActiveCfg = Release|x64
		{C993367E-F28B-5946-8231-AE5C0EBFF38B}.Release|x64.Build.0 = Release|x64
		{C993367E-F28B-5946-8231-AE5C0EBFF38B}.Debug|Win32.ActiveCfg = Debug|Win32
		{C993367E-F28B-5946-8231-AE5C0EBFF38B}.Debug|Win32.Build.0 = Debug|Win32
		{C993367E-F28B-5946-8231-AE5C0EBFF38B}.Debug|x64.ActiveCfg = Debug|x64
		{C993367E-F28B-5946-8231-AE5C0EBFF38B}.Debug|x64.Build.0 = Debug|x64
		{5CAE604D-3F26-8446-8DA0-9A6F0E99C7C6}.Release|Win32.ActiveCfg = Release|Win32
		{5CAE604D-3F26-8446-8DA0-9A6F0E99C7C6}.Release|Win32.Build.0 = Release|Win32
		{5CAE604D-3F26-8446-8DA0-9A6F0E99C7C6}.Release|x64.ActiveCfg = Release|x64
		{5CAE604D-3F26-8446-8DA0-9A6F0E99C7C6}.Release|x64.Build.0 = Release|x64
		{5CAE604D-3F26-8446-8DA0-9A6F0E99C7C6}.Debug|Win32.ActiveCfg = Debug|Win32
		{5CAE604D-3F26-8446-8DA0-9A6F0E99C7C6}.Debug|Win32.Build.0 = Debug|Win32
		{5CAE604D-3F26-8446-8DA0-9A6F0E99C7C6}.Debug|x64.ActiveCfg = Debug|x64
		{5CAE604D-3F26-8446-8DA0-9A6F0E99C7C6}.Debug|x64.Build.0 = Debug|x64
		{7E8752C6-0439-B040-9514-B2872E27A32C}.Release|Win32.ActiveCfg = Release|Win32
		{7E8752C6-0439-B040-9514-B2872E27A32C}.Release|Win32.Build.0 = Release|Win32
		{7E8752C6-0439-B040-9514-B2872E27A32C}.Release|x64.ActiveCfg = Release|x64
		{7E8752C6-0439-B040-9514-B2872E27A32C}.Release|x64.Build.0 = Release|x64
		{7E8752C6-0439-B040-9514-B2872E27A32C}.Debug|Win32.ActiveCfg = Debug|Win32
		{7E8752C6-0439-B040-9514-B2872E27A32C}.Debug|Win32.Build.0 = Debug|Win32
		{7E8752C6-0439-B040-9514-B2872E27A32C}.Debug|x64.ActiveCfg = Debug|x64
		{7E8752C6-0439-B040-9514-B2872E27A32C}.Debug|x64.Build.0 = Debug|x64
		{12F86274-56AF-7B41-B736-CA6104FD618C}.Release|Win32.ActiveCfg = Release|Win32
		{12F86274-56AF-7B41-B736-CA6104FD618C}.Release|Win32.Build.0 = Release|Win32
		{12F86274-56AF-7B41-B736-CA6104FD618C}.Release|x64.ActiveCfg = Release|x64
		{12F86274-56AF-7B41-B736-CA6104FD618C}.Release|x64.Build.0 = Release|x64
		{12F86274-56AF-7B41-B736-CA6104FD618C}.Debug|Win32.ActiveCfg = Debug|Win32
		{12F86274-56AF-7B41-B736-CA6104FD618C}.Debug|Win32.Build.0 = Debug|Win32
		{12F86274-56AF-7B41-B736-CA6104FD618C}.Debug|x64.ActiveCfg = Debug|x64
		{12F86274-56AF-7B41-B736-CA6104FD618C}.Debug|x64.Build.0 = Debug|x64
		{7DAFA510-65AC-2B47-8BF3-1FD56075CB0E}.Release|Win32.ActiveCfg = Release|Win32
		{7DAFA510-65AC-2B47-8BF3-1FD56075CB0E}.Release|Win32.Build.0 = Release|Win32
		{7DAFA510-65AC-2B47-8BF3-1FD56075CB0E}.Release|x64.ActiveCfg = Release|x64
		{7DAFA510-65AC-2B47-8BF3-1FD56075CB0E}.Release|x64.Build.0 = Release|x64
		{7DAFA510-65AC-2B47-8BF3-1FD56075CB0E}.Debug|Win32.ActiveCfg = Debug|Win32
		{7DAFA510-65AC-2B47-8BF3-1FD56075CB0E}.Debug|Win32.Build.0 = Debug|Win32
		{7DAFA510-65AC-2B47-8BF3-1FD56075CB0E}.Debug|x64.ActiveCfg = Debug|x64
		{7DAFA510-65AC-2B47-8BF3-1FD56075CB0E}.Debug|x64.Build.0 = Debug|x64
		{D9DE7F67-58EB-ED4B-937B-11692DE4DC55}.Release|Win32.ActiveCfg = Release|Win32
		{D9DE7F67-58EB-ED4B-937B-11692DE4DC55}.Release|Win32.Build.0 = Release|Win32
		{D9DE7F67-58EB-ED4B-937B-11692DE4DC55}.Release|x64.ActiveCfg = Release|x64
		{D9DE7F67-58EB-ED4B-937B-11692DE4DC55}.Release|x64.Build.0 = Release|x64
		{D9DE7F67-58EB-ED4B-937B-11692DE4DC55}.Debug|Win32.ActiveCfg = Debug|Win32
		{D9DE7F67-58EB-ED4B-937B-11692DE4DC55}.Debug|Win32.Build.0 = Debug|Win32
		{D9DE7F67-58EB-ED4B-937B-11692DE4DC55}.Debug|x64.ActiveCfg = Debug|x64
		{D9DE7F67-58EB-ED4B-937B-11692DE4DC55}.Debug|x64.Build.0 = Debug|x64
		{BCDFEE5E-5AB4-774D-9F6D-8662F9286680}.Release|Win32.ActiveCfg = Release|Win32
		{BCDFEE5E-5AB4-774D-9F6D-8662F9286680}.Release|Win32.Build.0 = Release|Win32
		{BCDFEE5E-5AB4-774D-9F6D-8662F9286680}.Release|x64.ActiveCfg = Release|x64
		{BCDFEE5E-5AB4-774D-9F6D-8662F9286680}.Release|x64.Build.0 = Release|x64
		{BCDFEE5E-5AB4-774D-9F6D-8662F9286680}.Debug|Win32.ActiveCfg = Debug|Win32
		{BCDFEE5E-5AB4-774D-9F6D-8662F9286680}.Debug|Win32.Build.0 = Debug|Win32
		{BCDFEE5E-5AB4-774D-9F6D-8662F9286680}.Debug|x64.ActiveCfg = Debug|x64
		{BCDFEE5E-5AB4-774D-9F6D-8662F9286680}.Debug|x64.Build.0 = Debug|x64
		{530083AA-A7A3-6B48-B4A7-288C57A65C8C}.Release|Win32.ActiveCfg = Release|Win32
		{530083AA-A7A3-6B48-B4A7-288C57A65C8C}.Release|Win32.Build.0 = Release|Win32
		{530083AA-A7A3-6B48-B4A7-288C57A65C8C}.Release|x64.ActiveCfg = Release|x64
		{530083AA-A7A3-6B48-B4A7-288C57A65C8C}.Release|x64.Build.0 = Release|x64
		{530083AA-A7A3-6B48-B4A7-288C57A65C8C}.Debug|Win32.ActiveCfg = Debug|Win32
		{530083AA-A7A3-6B48-B4A7-288C57A65C8C}.Debug|Win32.Build.0 = Debug|Win32
		{530083AA-A7A3-6B48-B4A7-288C57A65C8C}.Debug|x64.ActiveCfg = Debug|x64
		{530083AA-A7A3-6B48-B4A7-288C57A65C8C}.Debug|x64.Build.0 = Debug|x64
		{0B63A428-09FA-5A43-AFCD-CBD3E010BE5E}.Release|Win32.ActiveCfg = Release|Win32
		{0B63A428-09FA-5A43-AFCD-CBD3E010BE5E}.Release|Win32.Build.0 = Release|Win32
		{0B63A428-09FA-5A43-AFCD-CBD3E010BE5E}.Release|x64.ActiveCfg = Release|x64
		{0B63A428-09FA-5A43-AFCD-CBD3E010BE5E}.Release|x64.Build.0 = Release|x64
		{0B63A428-09FA-5A43-AFCD-CBD3E010BE5E}.Debug|Win32.ActiveCfg = Debug|Win32
		{0B63A428-09FA-5A43-AFCD-CBD3E010BE5E}.Debug|Win32.Build.0 = Debug|Win32
		{0B63A428-09FA-5A43-AFCD-CBD3E010BE5E}.Debug|x64.ActiveCfg = Debug|x64
		{0B63A428-09FA-5A43-AFCD-CBD3E010BE5E}.Debug|x64.Build.0 = Debug|x64
		{EE574296-61FF-4544-876E-0CA84F9B5960}.Release|Win32.ActiveCfg = Release|Win32
		{EE574296-61FF-4544-876E-0CA84F9B5960}.Release|Win32.Build.0 = Release|Win32
		{EE574296-61FF-4544-876E-0CA84F9B5960}.Release|x64.ActiveCfg = Release|x64
		{EE574296-61FF-4544-876E-0CA84F9B5960}.Release|x64.Build.0 = Release|x64
		{EE574296-61FF-4544-876E-0CA84F9B5960}.Debug|Win32.ActiveCfg = Debug|Win32
		{EE574296-61FF-4544-876E-0CA84F9B5960}.Debug|Win32.Build.0 = Debug|Win32
		{EE574296-61FF-4544-876E-0CA84F9B5960}.Debug|x64.ActiveCfg = Debug|x64
		{EE574296-61FF-4544-876E-0CA84F9B5960}.Debug|x64.Build.0 = Debug|x64
		{549E1FA6-A23E-4047-95BC-A190C24B6F15}.Release|Win32.ActiveCfg = Release|Win32
		{549E1FA6-A23E-4047-95BC-A190C24B6F15}.Release|Win32.Build.0 = Release|Win32
		{549E1FA6-A23E-4047-95BC-A190C24B6F15}.Release|x64.ActiveCfg = Release|x64
		{549E1FA6-A23E-4047-95BC-A190C24B6F15}.Release|x64.Build.0 = Release|x64
		{549E1FA6-A23E-4047-95BC-A190C24B6F15}.Debug|Win32.ActiveCfg = Debug|Win32
		{549E1FA6-A23E-4047-95BC-A190C24B6F15}.Debug|Win32.Build.0 = Debug|Win32
		{549E1FA6-A23E-4047-95BC-A190C24B6F15}.Debug|x64.ActiveCfg = Debug|x64
		{549E1FA6-A23E-4047-95BC-A190C24B6F15}.Debug|x64.Build.0 = Debug|x64
		{CB3CF491-EFA0-6B4C-8204-426E2CFBD121}.Release|Win32.ActiveCfg = Release|Win32
		{CB3CF491-EFA0-6B4C-8204-426E2CFBD121}.Release|Win32.Build.0 = Release|Win32
		{CB3CF491-EFA0-6B4C-8204-426E2CFBD121}.Release|x64.ActiveCfg = Release|x64
		{CB3CF491-EFA0-6B4C-8204-426E2CFBD121}.Release|x64.Build.0 = Release|x64
		{CB3CF491-EFA0-6B4C-8204-426E2CFBD121}.Debug|Win32.ActiveCfg = Debug|Win32
		{CB3CF491-EFA0-6B4C-8204-426E2CFBD121}.Debug|Win32.Build.0 = Debug|Win32
		{CB3CF491-EFA0-6B4C-8204-426E2CFBD121}.Debug|x64.ActiveCfg = Debug|x64
		{CB3CF491-EFA0-6B4C-8204-426E2CFBD121}.Debug|x64.Build.0 = Debug|x64
		{6B631370-5FAC-E740-996B-B5F24F98D6AE}.Release|Win32.ActiveCfg = Release|Win32
		{6B631370-5FAC-E740-996B-B5F24F98D6AE}.Release|Win32.Build.0 = Release|Win32
		{6B631370-5FAC-E740-996B-B5F24F98D6AE}.Release|x64.ActiveCfg = Release|x64
		{6B631370-5FAC-E740-996B-B5F24F98D6AE}.Release|x64.Build.0 = Release|x64
		{6B631370-5FAC-E740-996B-B5F24F98D6AE}.Debug|Win32.ActiveCfg = Debug|Win32
		{6B631370-5FAC-E740-996B-B5F24F98D6AE}.Debug|Win32.Build.0 = Debug|Win32
		{6B631370-5FAC-E740-996B-B5F24F98D6AE}.Debug|x64.ActiveCfg = Debug|x64
		{6B631370-5FAC-E740-996B-B5F24F98D6AE}.Debug|x64.Build.0 = Debug|x64
		{38BE9724-1464-7B41-85EC-C72B0F11357B}.Release|Win32.ActiveCfg = Release|Win32
		{38BE9724-1464-7B41-85EC-C72B0F11357B}.Release|Win32.Build.0 = Release|Win32
		{38BE9724-1464-7B41-85EC-C72B0F11357B}.Release|x64.ActiveCfg = Release|x64
		{38BE9724-1464-7B41-85EC-C72B0F11357B}.Release|x64.Build.0 = Release|x64
		{38BE9724-1464-7B41-85EC-C72B0F11357B}.Debug|Win32.ActiveCfg = Debug|Win32
		{38BE9724-1464-7B41-85EC-C72B0F11357B}.Debug|Win32.Build.0 = Debug|Win32
		{38BE9724-1464-7B41-85EC-C72B0F11357B}.Debug|x64.ActiveCfg = Debug|x64
		{38BE9724-1464-7B41-85EC-C72B0F11357B}.Debug|x64.Build.0 = Debug|x64
		{DB410BF7-43D4-3C43-A33B-B7305F5925AA}.Release|Win32.ActiveCfg = Release|Win32
		{DB410BF7-43D4-3C43-A33B-B7305F5925AA}.Release|Win32.Build.0 = Release|Win32
		{DB410BF7-43D4-3C43-A33B-B7305F5925AA}.Release|x64.ActiveCfg = Release|x64
		{DB410BF7-43D4-3C43-A33B-B7305F5925AA}.Release|x64.Build.0 = Release|x64
		{DB410BF7-43D4-3C43-A33B-B7305F5925AA}.Debug|Win32.ActiveCfg = Debug|Win32
		{DB410BF7-43D4-3C43-A33B-B7305F5925AA}.Debug|Win32.Build.0 = Debug|Win32
		{DB410BF7-43D4-3C43-A33B-B7305F5925AA}.Debug|x64.ActiveCfg = Debug|x64
		{DB410BF7-43D4-3C43-A33B-B7305F5925AA}.Debug|x64.Build.0 = Debug|x64
		{B90AC029-70DE-644E-BAA4-3CFF35051053}.Release|Win32.ActiveCfg = Release|Win32
		{B90AC029-70DE-644E-BAA4-3CFF35051053}.Release|Win32.Build.0 = Release|Win32
		{B90AC029-70DE-644E-BAA4-3CFF35051053}.Release|x64.ActiveCfg = Release|x64
		{B90AC029-70DE-644E-BAA4-3CFF35051053}.Release|x64.Build.0 = Release|x64
		{B90AC029-70DE-644E-BAA4-3CFF35051053}.Debug|Win32.ActiveCfg = Debug|Win32
		{B90AC029-70DE-644E-BAA4-3CFF35051053}.Debug|Win32.Build.0 = Debug|Win32
		{B90AC029-70DE-644E-BAA4-3CFF35051053}.Debug|x64.ActiveCfg = Debug|x64
		{B90AC029-70DE-644E-BAA4-3CFF35051053}.Debug|x64.Build.0 = Debug|x64
		{6E7BDC55-61EE-FC43-8EB9-2F0B917E98A5}.Release|Win32.ActiveCfg = Release|Win32
		{6E7BDC55-61EE-FC43-8EB9-2F0B917E98A5}.Release|Win32.Build.0 = Release|Win32
		{6E7BDC55-61EE-FC43-8EB9-2F0B917E98A5}.Release|x64.ActiveCfg = Release|x64
		{6E7BDC55-61EE-FC43-8EB9-2F0B917E98A5}.Release|x64.Build.0 = Release|x64
		{6E7BDC55-61EE-FC43-8EB9-2F0B917E98A5}.Debug|Win32.ActiveCfg = Debug|Win32
		{6E7BDC55-61EE-FC43-8EB9-2F0B917E98A5}.Debug|Win32.Build.0 = Debug|Win32
		{6E7BDC55-61EE-FC43-8EB9-2F0B917E98A5}.Debug|x64.ActiveCfg = Debug|x64
		{6E7BDC55-61EE-FC43-8EB9-2F0B917E98A5}.Debug|x64.Build.0 = Debug|x64
		{FB6B692D-BDE7-EB44-97B4-1A75CB76ABAF}.Release|Win32.ActiveCfg = Release|Win32
		{FB6B692D-BDE7-EB44-97B4-1A75CB76ABAF}.Release|Win32.Build.0 = Release|Win32
		{FB6B692D-BDE7-EB44-97B4-1A75CB76ABAF}.Release|x64.ActiveCfg = Release|x64
		{FB6B692D-BDE7-EB44-97B4-1A75CB76ABAF}.Release|x64.Build.0 = Release|x64
		{FB6B692D-BDE7-EB44-97B4-1A75CB76ABAF}.Debug|Win32.ActiveCfg = Debug|Win32
		{FB6B692D-BDE7-EB44-97B4-1A75CB76ABAF}.Debug|Win32.Build.0 = Debug|Win32
		{FB6B692D-BDE7-EB44-97B4-1A75CB76ABAF}.Debug|x64.ActiveCfg = Debug|x64
		{FB6B692D-BDE7-EB44-97B4-1A75CB76ABAF}.Debug|x64.Build.0 = Debug|x64
		{E2A2B329-AA64-314E-90A9-7AAB617FC126}.Release|Win32.ActiveCfg = Release|Win32
		{E2A2B329-AA64-314E-90A9-7AAB617FC126}.Release|Win32.Build.0 = Release|Win32
		{E2A2B329-AA64-314E-90A9-7AAB617FC126}.Release|x64.ActiveCfg = Release|x64
		{E2A2B329-AA64-314E-90A9-7AAB617FC126}.Release|x64.Build.0 = Release|x64
		{E2A2B329-AA64-314E-90A9-7AAB617FC126}.Debug|Win32.ActiveCfg = Debug|Win32
		{E2A2B329-AA64-314E-90A9-7AAB617FC126}.Debug|Win32.Build.0 = Debug|Win32
		{E2A2B329-AA64-314E-90A9-7AAB617FC126}.Debug|x64.ActiveCfg = Debug|x64
		{E2A2B329-AA64-314E-90A9-7AAB617FC126}.Debug|x64.Build.0 = Debug|x64
		{683686E7-84A7-4546-A5B8-AA8B9612D65B}.Release|Win32.ActiveCfg = Release|Win32
		{683686E7-84A7-4546-A5B8-AA8B9612D65B}.Release|Win32.Build.0 = Release|Win32
		{683686E7-84A7-4546-A5B8-AA8B9612D65B}.Release|x64.ActiveCfg = Release|x64
		{683686E7-84A7-4546-A5B8-AA8B9612D65B}.Release|x64.Build.0 = Release|x64
		{683686E7-84A7-4546-A5B8-AA8B9612D65B}.Debug|Win32.ActiveCfg = Debug|Win32
		{683686E7-84A7-4546-A5B8-AA8B9612D65B}.Debug|Win32.Build.0 = Debug|Win32
		{683686E7-84A7-4546-A5B8-AA8B9612D65B}.Debug|x64.ActiveCfg = Debug|x64
		{683686E7-84A7-4546-A5B8-AA8B9612D65B}.Debug|x64.Build.0 = Debug|x64
		{BFDBFB85-8FD0-9542-9B13-8CDE7F8B8929}.Release|Win32.ActiveCfg = Release|Win32
		{BFDBFB85-8FD0-9542-9B13-8CDE7F8B8929}.Release|Win32.Build.0 = Release|Win32
		{BFDBFB85-8FD0-9542-9B13-8CDE7F8B8929}.Release|x64.ActiveCfg = Release|x64
		{BFDBFB85-8FD0-9542-9B13-8CDE7F8B8929}.Release|x64.Build.0 = Release|x64
		{BFDBFB85-8FD0-9542-9B13-8CDE7F8B8929}.Debug|Win32.ActiveCfg = Debug|Win32
		{BFDBFB85-8FD0-9542-9B13-8CDE7F8B8929}.Debug|Win32.Build.0 = Debug|Win32
		{BFDBFB85-8FD0-9542-9B13-8CDE7F8B8929}.Debug|x64.ActiveCfg = Debug|x64
		{BFDBFB85-8FD0-9542-9B13-8CDE7F8B8929}.Debug|x64.Build.0 = Debug|x64
		{7E55BFB8-E69A-C64E-8EAD-96FED9FAC81E}.Release|Win32.ActiveCfg = Release|Win32
		{7E55BFB8-E69A-C64E-8EAD-96FED9FAC81E}.Release|Win32.Build.0 = Release|Win32
		{7E55BFB8-E69A-C64E-8EAD-96FED9FAC81E}.Release|x64.ActiveCfg = Release|x64
		{7E55BFB8-E69A-C64E-8EAD-96FED9FAC81E}.Release|x64.Build.0 = Release|x64
		{7E55BFB8-E69A-C64E-8EAD-96FED9FAC81E}.Debug|Win32.ActiveCfg = Debug|Win32
		{7E55BFB8-E69A-C64E-8EAD-96FED9FAC81E}.Debug|Win32.Build.0 = Debug|Win32
		{7E55BFB8-E69A-C64E-8EAD-96FED9FAC81E}.Debug|x64.ActiveCfg = Debug|x64
		{7E55BFB8-E69A-C64E-8EAD-96FED9FAC81E}.Debug|x64.Build.0 = Debug|x64
		{BBA0AA55-D84E-9F43-B3E4-72B085EB831D}.Release|Win32.ActiveCfg = Release|Win32
		{BBA0AA55-D84E-9F43-B3E4-72B085EB831D}.Release|Win32.Build.0 = Release|Win32
		{BBA0AA55-D84E-9F43-B3E4-72B085EB831D}.Release|x64.ActiveCfg = Release|x64
		{BBA0AA55-D84E-9F43-B3E4-72B085EB831D}.Release|x64.Build.0 = Release|x64
		{BBA0AA55-D84E-9F43-B3E4-72B085EB831D}.Debug|Win32.ActiveCfg = Debug|Win32
		{BBA0AA55-D84E-9F43-B3E4-72B085EB831D}.Debug|Win32.Build.0 = Debug|Win32
		{BBA0AA55-D84E-9F43-B3E4-72B085EB831D}.Debug|x64.ActiveCfg = Debug|x64
		{BBA0AA55-D84E-9F43-B3E4-72B085EB831D}.Debug|x64.Build.0 = Debug|x64
		{40F8E522-D6FD-B842-8F60-AAFD5FCBEF4E}.Release|Win32.ActiveCfg = Release|Win32
		{40F8E522-D6FD-B842-8F60-AAFD5FCBEF4E}.Release|Win32.Build.0 = Release|Win32
		{40F8E522-D6FD-B842-8F60-AAFD5FCBEF4E}.Release|x64.ActiveCfg = Release|x64
		{40F8E522-D6FD-B842-8F60-AAFD5FCBEF4E}.Release|x64.Build.0 = Release|x64
		{40F8E522-D6FD-B842-8F60-AAFD5FCBEF4E}.Debug|Win32.ActiveCfg = Debug|Win32
		{40F8E522-D6FD-B842-8F60-AAFD5FCBEF4E}.Debug|Win32.Build.0 = Debug|Win32
		{40F8E522-D6FD-B842-8F60-AAFD5FCBEF4E}.Debug|x64.ActiveCfg = Debug|x64
		{40F8E522-D6FD-B842-8F60-AAFD5FCBEF4E}.Debug|x64.Build.0 = Debug|x64
		{3C5EBD13-CAA9-FD46-A7AF-91715CB9B1B4}.Release|Win32.ActiveCfg = Release|Win32
		{3C5EBD13-CAA9-FD46-A7AF-91715CB9B1B4}.Release|Win32.Build.0 = Release|Win32
		{3C5EBD13-CAA9-FD46-A7AF-91715CB9B1B4}.Release|x64.ActiveCfg = Release|x64
		{3C5EBD13-CAA9-FD46-A7AF-91715CB9B1B4}.Release|x64.Build.0 = Release|x64
		{3C5EBD13-CAA9-FD46-A7AF-91715CB9B1B4}.Debug|Win32.ActiveCfg = Debug|Win32
		{3C5EBD13-CAA9-FD46-A7AF-91715CB9B1B4}.Debug|Win32.Build.0 = Debug|Win32
		{3C5EBD13-CAA9-FD46-A7AF-91715CB9B1B4}.Debug|x64.ActiveCfg = Debug|x64
		{3C5EBD13-CAA9-FD46-A7AF-91715CB9B1B4}.Debug|x64.Build.0 = Debug|x64
		{596326DA-85EA-5B4C-AA78-CCDA4623D47B}.Release|Win32.ActiveCfg = Release|Win32
		{596326DA-85EA-5B4C-AA78-CCDA4623D47B}.Release|Win32.Build.0 = Release|Win32
		{596326DA-85EA-5B4C-AA78-CCDA4623D47B}.Release|x64.ActiveCfg = Release|x64
		{596326DA-85EA-5B4C-AA78-CCDA4623D47B}.Release|x64.Build.0 = Release|x64
		{596326DA-85EA-5B4C-AA78-CCDA4623D47B}.Debug|Win32.ActiveCfg = Debug|Win32
		{596326DA-85EA-5B4C-AA78-CCDA4623D47B}.Debug|Win32.Build.0 = Debug|Win32
		{596326DA-85EA-5B4C-AA78-CCDA4623D47B}.Debug|x64.ActiveCfg = Debug|x64
		{596326DA-85EA-5B4C-AA78-CCDA4623D47B}.Debug|x64.Build.0 = Debug|x64
		{890ED897-BBC0-2F4F-81A8-6DE7A8D900B8}.Release|Win32.ActiveCfg = Release|Win32
		{890ED897-BBC0-2F4F-81A8-6DE7A8D900B8}.Release|Win32.Build.0 = Release|Win32
		{890ED897-BBC0-2F4F-81A8-6DE7A8D900B8}.Release|x64.ActiveCfg = Release|x64
		{890ED897-BBC0-2F4F-81A8-6DE7A8D900B8}.Release|x64.Build.0 = Release|x64
		{890ED897-BBC0-2F4F-81A8-6DE7A8D900B8}.Debug|Win32.ActiveCfg = Debug|Win32
		{890ED897-BBC0-2F4F-81A8-6DE7A8D900B8}.Debug|Win32.Build.0 = Debug|Win32
		{890ED897-BBC0-2F4F-81A8-6DE7A8D900B8}.Debug|x64.ActiveCfg = Debug|x64
		{890ED897-BBC0-2F4F-81A8-6DE7A8D900B8}.Debug|x64.Build.0 = Debug|x64
		{0F6D6BBA-160D-DA4A-A26F-F990BD2AB0B1}.Release|Win32.ActiveCfg = Release|Win32
		{0F6D6BBA-160D-DA4A-A26F-F990BD2AB0B1}.Release|Win32.Build.0 = Release|Win32
		{0F6D6BBA-160D-DA4A-A26F-F990BD2AB0B1}.Release|x64.ActiveCfg = Release|x64
		{0F6D6BBA-160D-DA4A-A26F-F990BD2AB0B1}.Release|x64.Build.0 = Release|x64
		{0F6D6BBA-160D-DA4A-A26F-F990BD2AB0B1}.Debug|Win32.ActiveCfg = Debug|Win32
		{0F6D6BBA-160D-DA4A-A26F-F990BD2AB0B1}.Debug|Win32.Build.0 = Debug|Win32
		{0F6D6BBA-160D-DA4A-A26F-F990BD2AB0B1}.Debug|x64.ActiveCfg = Debug|x64
		{0F6D6BBA-160D-DA4A-A26F-F990BD2AB0B1}.Debug|x64.Build.0 = Debug|x64
		{7613C4A2-A824-C546-8C70-8BCC6158022F}.Release|Win32.ActiveCfg = Release|Win32
		{7613C4A2-A824-C546-8C70-8BCC6158022F}.Release|Win32.Build.0 = Release|Win32
		{7613C4A2-A824-C546-8C70-8BCC6158022F}.Release|x64.ActiveCfg = Release|x64
		{7613C4A2-A824-C546-8C70-8BCC6158022F}.Release|x64.Build.0 = Release|x64
		{7613C4A2-A824-C546-8C70-8BCC6158022F}.Debug|Win32.ActiveCfg = Debug|Win32
		{7613C4A2-A824-C546-8C70-8BCC6158022F}.Debug|Win32.Build.0 = Debug|Win32
		{7613C4A2-A824-C546-8C70-8BCC6158022F}.Debug|x64.ActiveCfg = Debug|x64
		{7613C4A2-A824-C546-8C70-8BCC6158022F}.Debug|x64.Build.0 = Debug|x64
		{76947ECC-448E-EC4F-94BC-6F3B0818BDE4}.Release|Win32.ActiveCfg = Release|Win32
		{76947ECC-448E-EC4F-94BC-6F3B0818BDE4}.Release|Win32.Build.0 = Release|Win32
		{76947ECC-448E-EC4F-94BC-6F3B0818BDE4}.Release|x64.ActiveCfg = Release|x64
		{76947ECC-448E-EC4F-94BC-6F3B0818BDE4}.Release|x64.Build.0 = Release|x64
		{76947ECC-448E-EC4F-94BC-6F3B0818BDE4}.Debug|Win32.ActiveCfg = Debug|Win32
		{76947ECC-448E-EC4F-94BC-6F3B0818BDE4}.Debug|Win32.Build.0 = Debug|Win32
		{76947ECC-448E-EC4F-94BC-6F3B0818BDE4}.Debug|x64.ActiveCfg = Debug|x64
		{76947ECC-448E-EC4F-94BC-6F3B0818BDE4}.Debug|x64.Build.0 = Debug|x64
		{24C6F874-6406-F945-B4ED-CC30C8B76BD0}.Release|Win32.ActiveCfg = Release|Win32
		{24C6F874-6406-F945-B4ED-CC30C8B76BD0}.Release|Win32.Build.0 = Release|Win32
		{24C6F874-6406-F945-B4ED-CC30C8B76BD0}.Release|x64.ActiveCfg = Release|x64
		{24C6F874-6406-F945-B4ED-CC30C8B76BD0}.Release|x64.Build.0 = Release|x64
		{24C6F874-6406-F945-B4ED-CC30C8B76BD0}.Debug|Win32.ActiveCfg = Debug|Win32
		{24C6F874-6406-F945-B4ED-CC30C8B76BD0}.Debug|Win32.Build.0 = Debug|Win32
		{24C6F874-6406-F945-B4ED-CC30C8B76BD0}.Debug|x64.ActiveCfg = Debug|x64
		{24C6F874-6406-F945-B4ED-CC30C8B76BD0}.Debug|x64.Build.0 = Debug|x64
		{554C20A8-8137-7644-B0CE-F1E8BF6F0124}.Release|Win32.ActiveCfg = Release|Win32
		{554C20A8-8137-7644-B0CE-F1E8BF6F0124}.Release|Win32.Build.0 = Release|Win32
		{554C20A8-8137-7644-B0CE-F1E8BF6F0124}.Release|x64.ActiveCfg = Release|x64
		{554C20A8-8137-7644-B0CE-F1E8BF6F0124}.Release|x64.Build.0 = Release|x64
		{554C20A8-8137-7644-B0CE-F1E8BF6F0124}.Debug|Win32.ActiveCfg = Debug|Win32
		{554C20A8-8137-7644-B0CE-F1E8BF6F0124}.Debug|Win32.Build.0 = Debug|Win32
		{554C20A8-8137-7644-B0CE-F1E8BF6F0124}.Debug|x64.ActiveCfg = Debug|x64
		{554C20A8-8137-7644-B0CE-F1E8BF6F0124}.Debug|x64.Build.0 = Debug|x64
		{424F7E74-8B55-E340-A62D-AD004A68C473}.Release|Win32.ActiveCfg = Release|Win32
		{424F7E74-8B55-E340-A62D-AD004A68C473}.Release|Win32.Build.0 = Release|Win32
		{424F7E74-8B55-E340-A62D-AD004A68C473}.Release|x64.ActiveCfg = Release|x64
		{424F7E74-8B55-E340-A62D-AD004A68C473}.Release|x64.Build.0 = Release|x64
		{424F7E74-8B55-E340-A62D-AD004A68C473}.Debug|Win32.ActiveCfg = Debug|Win32
		{424F7E74-8B55-E340-A62D-AD004A68C473}.Debug|Win32.Build.0 = Debug|Win32
		{424F7E74-8B55-E340-A62D-AD004A68C473}.Debug|x64.ActiveCfg = Debug|x64
		{424F7E74-8B55-E340-A62D-AD004A68C473}.Debug|x64.Build.0 = Debug|x64
		{FB846EFF-46E3-434E-B1BD-D1A598E38B4B}.Release|Win32.ActiveCfg = Release|Win32
		{FB846EFF-46E3-434E-B1BD-D1A598E38B4B}.Release|Win32.Build.0 = Release|Win32
		{FB846EFF-46E3-434E-B1BD-D1A598E38B4B}.Release|x64.ActiveCfg = Release|x64
		{FB846EFF-46E3-434E-B1BD-D1A598E38B4B}.Release|x64.Build.0 = Release|x64
		{FB846EFF-46E3-434E-B1BD-D1A598E38B4B}.Debug|Win32.ActiveCfg = Debug|Win32
		{FB846EFF-46E3-434E-B1BD-D1A598E38B4B}.Debug|Win32.Build.0 = Debug|Win32
		{FB846EFF-46E3-434E-B1BD-D1A598E38B4B}.Debug|x64.ActiveCfg = Debug|x64
		{FB846EFF-46E3-434E-B1BD-D1A598E38B4B}.Debug|x64.Build.0 = Debug|x64
		{1DB2F1E2-EB44-4E48-AF2B-1C1AE4FA31DB}.Release|Win32.ActiveCfg = Release|Win32
		{1DB2F1E2-EB44-4E48-AF2B-1C1AE4FA31DB}.Release|Win32.Build.0 = Release|Win32
		{1DB2F1E2-EB44-4E48-AF2B-1C1AE4FA31DB}.Release|x64.ActiveCfg = Release|x64
		{1DB2F1E2-EB44-4E48-AF2B-1C1AE4FA31DB}.Release|x64.Build.0 = Release|x64
		{1DB2F1E2-EB44-4E48-AF2B-1C1AE4FA31DB}.Debug|Win32.ActiveCfg = Debug|Win32
		{1DB2F1E2-EB44-4E48-AF2B-1C1AE4FA31DB}.Debug|Win32.Build.0 = Debug|Win32
		{1DB2F1E2-EB44-4E48-AF2B-1C1AE4FA31DB}.Debug|x64.ActiveCfg = Debug|x64
		{1DB2F1E2-EB44-4E48-AF2B-1C1AE4FA31DB}.Debug|x64.Build.0 = Debug|x64
		{0D9A2D52-20DE-0943-8436-C578E65A9984}.Release|Win32.ActiveCfg = Release|Win32
		{0D9A2D52-20DE-0943-8436-C578E65A9984}.Release|Win32.Build.0 = Release|Win32
		{0D9A2D52-20DE-0943-8436-C578E65A9984}.Release|x64.ActiveCfg = Release|x64
		{0D9A2D52-20DE-0943-8436-C578E65A9984}.Release|x64.Build.0 = Release|x64
		{0D9A2D52-20DE-0943-8436-C578E65A9984}.Debug|Win32.ActiveCfg = Debug|Win32
		{0D9A2D52-20DE-0943-8436-C578E65A9984}.Debug|Win32.Build.0 = Debug|Win32
		{0D9A2D52-20DE-0943-8436-C578E65A9984}.Debug|x64.ActiveCfg = Debug|x64
		{0D9A2D52-20DE-0943-8436-C578E65A9984}.Debug|x64.Build.0 = Debug|x64
		{C15FFF85-2FBC-0048-9BEE-148036509194}.Release|Win32.ActiveCfg = Release|Win32
		{C15FFF85-2FBC-0048-9BEE-148036509194}.Release|Win32.Build.0 = Release|Win32
		{C15FFF85-2FBC-0048-9BEE-148036509194}.Release|x64.ActiveCfg = Release|x64
		{C15FFF85-2FBC-0048-9BEE-148036509194}.Release|x64.Build.0 = Release|x64
		{C15FFF85-2FBC-0048-9BEE-148036509194}.Debug|Win32.ActiveCfg = Debug|Win32
		{C15FFF85-2FBC-0048-9BEE-148036509194}.Debug|Win32.Build.0 = Debug|Win32
		{C15FFF85-2FBC-0048-9BEE-148036509194}.Debug|x64.ActiveCfg = Debug|x64
		{C15FFF85-2FBC-0048-9BEE-148036509194}.Debug|x64.Build.0 = Debug|x64
		{15EDFBE7-DDF0-9B43-90EA-0992A14246A3}.Release|Win32.ActiveCfg = Release|Win32
		{15EDFBE7-DDF0-9B43-90EA-0992A14246A3}.Release|Win32.Build.0 = Release|Win32
		{15EDFBE7-DDF0-9B43-90EA-0992A14246A3}.Release|x64.ActiveCfg = Release|x64
		{15EDFBE7-DDF0-9B43-90EA-0992A14246A3}.Release|x64.Build.0 = Release|x64
		{15EDFBE7-DDF0-9B43-90EA-0992A14246A3}.Debug|Win32.ActiveCfg = Debug|Win32
		{15EDFBE7-DDF0-9B43-90EA-0992A14246A3}.Debug|Win32.Build.0 = Debug|Win32
		{15EDFBE7-DDF0-9B43-90EA-0992A14246A3}.Debug|x64.ActiveCfg = Debug|x64
		{15EDFBE7-DDF0-9B43-90EA-0992A14246A3}.Debug|x64.Build.0 = Debug|x64
		{C551C442-9E1C-E048-8791-556269EAB589}.Release|Win32.ActiveCfg = Release|Win32
		{C551C442-9E1C-E048-8791-556269EAB589}.Release|Win32.Build.0 = Release|Win32
		{C551C442-9E1C-E048-8791-556269EAB589}.Release|x64.ActiveCfg = Release|x64
		{C551C442-9E1C-E048-8791-556269EAB589}.Release|x64.Build.0 = Release|x64
		{C551C442-9E1C-E048-8791-556269EAB589}.Debug|Win32.ActiveCfg = Debug|Win32
		{C551C442-9E1C-E048-8791-556269EAB589}.Debug|Win32.Build.0 = Debug|Win32
		{C551C442-9E1C-E048-8791-556269EAB589}.Debug|x64.ActiveCfg = Debug|x64
		{C551C442-9E1C-E048-8791-556269EAB589}.Debug|x64.Build.0 = Debug|x64
		{D35D8A64-9938-4347-902B-F2E07DE54F66}.Release|Win32.ActiveCfg = Release|Win32
		{D35D8A64-9938-4347-902B-F2E07DE54F66}.Release|Win32.Build.0 = Release|Win32
		{D35D8A64-9938-4347-902B-F2E07DE54F66}.Release|x64.ActiveCfg = Release|x64
		{D35D8A64-9938-4347-902B-F2E07DE54F66}.Release|x64.Build.0 = Release|x64
		{D35D8A64-9938-4347-902B-F2E07DE54F66}.Debug|Win32.ActiveCfg = Debug|Win32
		{D35D8A64-9938-4347-902B-F2E07DE54F66}.Debug|Win32.Build.0 = Debug|Win32
		{D35D8A64-9938-4347-902B-F2E07DE54F66}.Debug|x64.ActiveCfg = Debug|x64
		{D35D8A64-9938-4347-902B-F2E07DE54F66}.Debug|x64.Build.0 = Debug|x64
		{4D4CBF12-5771-5044-A69D-A4D2C7EAA2DA}.Release|Win32.ActiveCfg = Release|Win32
		{4D4CBF12-5771-5044-A69D-A4D2C7EAA2DA}.Release|Win32.Build.0 = Release|Win32
		{4D4CBF12-5771-5044-A69D-A4D2C7EAA2DA}.Release|x64.ActiveCfg = Release|x64
		{4D4CBF12-5771-5044-A69D-A4D2C7EAA2DA}.Release|x64.Build.0 = Release|x64
		{4D4CBF12-5771-5044-A69D-A4D2C7EAA2DA}.Debug|Win32.ActiveCfg = Debug|Win32
		{4D4CBF12-5771-5044-A69D-A4D2C7EAA2DA}.Debug|Win32.Build.0 = Debug|Win32
		{4D4CBF12-5771-5044-A69D-A4D2C7EAA2DA}.Debug|x64.ActiveCfg = Debug|x64
		{4D4CBF12-5771-5044-A69D-A4D2C7EAA2DA}.Debug|x64.Build.0 = Debug|x64
		{D7B018B3-3CCC-464C-A620-3A4519F81649}.Release|Win32.ActiveCfg = Release|Win32
		{D7B018B3-3CCC-464C-A620-3A4519F81649}.Release|Win32.Build.0 = Release|Win32
		{D7B018B3-3CCC-464C-A620-3A4519F81649}.Release|x64.ActiveCfg = Release|x64
		{D7B018B3-3CCC-464C-A620-3A4519F81649}.Release|x64.Build.0 = Release|x64
		{D7B018B3-3CCC-464C-A620-3A4519F81649}.Debug|Win32.ActiveCfg = Debug|Win32
		{D7B018B3-3CCC-464C-A620-3A4519F81649}.Debug|Win32.Build.0 = Debug|Win32
		{D7B018B3-3CCC-464C-A620-3A4519F81649}.Debug|x64.ActiveCfg = Debug|x64
		{D7B018B3-3CCC-464C-A620-3A4519F81649}.Debug|x64.Build.0 = Debug|x64
		{4B5B0717-13EF-D244-8AA8-6B21F053C3A9}.Release|Win32.ActiveCfg = Release|Win32
		{4B5B0717-13EF-D244-8AA8-6B21F053C3A9}.Release|Win32.Build.0 = Release|Win32
		{4B5B0717-13EF-D244-8AA8-6B21F053C3A9}.Release|x64.ActiveCfg = Release|x64
		{4B5B0717-13EF-D244-8AA8-6B21F053C3A9}.Release|x64.Build.0 = Release|x64
		{4B5B0717-13EF-D244-8AA8-6B21F053C3A9}.Debug|Win32.ActiveCfg = Debug|Win32
		{4B5B0717-13EF-D244-8AA8-6B21F053C3A9}.Debug|Win32.Build.0 = Debug|Win32
		{4B5B0717-13EF-D244-8AA8-6B21F053C3A9}.Debug|x64.ActiveCfg = Debug|x64
		{4B5B0717-13EF-D244-8AA8-6B21F053C3A9}.Debug|x64.Build.0 = Debug|x64
		{5C927010-87B4-9A44-A8AD-EB3B2DA01A6C}.Release|Win32.ActiveCfg = Release|Win32
		{5C927010-87B4-9A44-A8AD-EB3B2DA01A6C}.Release|Win32.Build.0 = Release|Win32
		{5C927010-87B4-9A44-A8AD-EB3B2DA01A6C}.Release|x64.ActiveCfg = Release|x64
		{5C927010-87B4-9A44-A8AD-EB3B2DA01A6C}.Release|x64.Build.0 = Release|x64
		{5C927010-87B4-9A44-A8AD-EB3B2DA01A6C}.Debug|Win32.ActiveCfg = Debug|Win32
		{5C927010-87B4-9A44-A8AD-EB3B2DA01A6C}.Debug|Win32.Build.0 = Debug|Win32
		{5C927010-87B4-9A44-A8AD-EB3B2DA01A6C}.Debug|x64.ActiveCfg = Debug|x64
		{5C927010-87B4-9A44-A8AD-EB3B2DA01A6C}.Debug|x64.Build.0 = Debug|x64
		{1E91C773-2988-064D-A21C-7907CEB10272}.Release|Win32.ActiveCfg = Release|Win32
		{1E91C773-2988-064D-A21C-7907CEB10272}.Release|Win32.Build.0 = Release|Win32
		{1E91C773-2988-064D-A21C-7907CEB10272}.Release|x64.ActiveCfg = Release|x64
		{1E91C773-2988-064D-A21C-7907CEB10272}.Release|x64.Build.0 = Release|x64
		{1E91C773-2988-064D-A21C-7907CEB10272}.Debug|Win32.ActiveCfg = Debug|Win32
		{1E91C773-2988-064D-A21C-7907CEB10272}.Debug|Win32.Build.0 = Debug|Win32
		{1E91C773-2988-064D-A21C-7907CEB10272}.Debug|x64.ActiveCfg = Debug|x64
		{1E91C773-2988-064D-A21C-7907CEB10272}.Debug|x64.Build.0 = Debug|x64
		{CCF8E383-67F7-C240-B332-14605A06E8D0}.Release|Win32.ActiveCfg = Release|Win32
		{CCF8E383-67F7-C240-B332-14605A06E8D0}.Release|Win32.Build.0 = Release|Win32
		{CCF8E383-67F7-C240-B332-14605A06E8D0}.Release|x64.ActiveCfg = Release|x64
		{CCF8E383-67F7-C240-B332-14605A06E8D0}.Release|x64.Build.0 = Release|x64
		{CCF8E383-67F7-C240-B332-14605A06E8D0}.Debug|Win32.ActiveCfg = Debug|Win32
		{CCF8E383-67F7-C240-B332-14605A06E8D0}.Debug|Win32.Build.0 = Debug|Win32
		{CCF8E383-67F7-C240-B332-14605A06E8D0}.Debug|x64.ActiveCfg = Debug|x64
		{CCF8E383-67F7-C240-B332-14605A06E8D0}.Debug|x64.Build.0 = Debug|x64
	EndGlobalSection
	GlobalSection(SolutionProperties) = preSolution
		HideSolutionNode = FALSE
	EndGlobalSection
EndGlobal
