<?xml version="1.0" encoding="utf-8"?>
<Project ToolsVersion="4.0" xmlns="http://schemas.microsoft.com/developer/msbuild/2003">
  <ItemGroup>
    <Filter Include="Extras">
      <UniqueIdentifier>{18E40F52-ED30-894A-9DB1-A016F14409DC}</UniqueIdentifier>
    </Filter>
    <Filter Include="Extras\Serialize">
      <UniqueIdentifier>{85830888-26F1-FD44-BBF8-ED38BE9107B1}</UniqueIdentifier>
    </Filter>
    <Filter Include="Extras\Serialize\BulletXmlWorldImporter">
      <UniqueIdentifier>{42CAC4D0-6D45-7748-AB5A-515A1432EB40}</UniqueIdentifier>
    </Filter>
  </ItemGroup>
  <ItemGroup>
    <ClInclude Include="..\..\Extras\Serialize\BulletXmlWorldImporter\btBulletXmlWorldImporter.h">
      <Filter>Extras\Serialize\BulletXmlWorldImporter</Filter>
    </ClInclude>
    <ClInclude Include="..\..\Extras\Serialize\BulletXmlWorldImporter\string_split.h">
      <Filter>Extras\Serialize\BulletXmlWorldImporter</Filter>
    </ClInclude>
    <ClInclude Include="..\..\Extras\Serialize\BulletXmlWorldImporter\tinystr.h">
      <Filter>Extras\Serialize\BulletXmlWorldImporter</Filter>
    </ClInclude>
    <ClInclude Include="..\..\Extras\Serialize\BulletXmlWorldImporter\tinyxml.h">
      <Filter>Extras\Serialize\BulletXmlWorldImporter</Filter>
    </ClInclude>
  </ItemGroup>
  <ItemGroup>
    <ClCompile Include="..\..\Extras\Serialize\BulletXmlWorldImporter\btBulletXmlWorldImporter.cpp">
      <Filter>Extras\Serialize\BulletXmlWorldImporter</Filter>
    </ClCompile>
    <ClCompile Include="..\..\Extras\Serialize\BulletXmlWorldImporter\string_split.cpp">
      <Filter>Extras\Serialize\BulletXmlWorldImporter</Filter>
    </ClCompile>
    <ClCompile Include="..\..\Extras\Serialize\BulletXmlWorldImporter\tinystr.cpp">
      <Filter>Extras\Serialize\BulletXmlWorldImporter</Filter>
    </ClCompile>
    <ClCompile Include="..\..\Extras\Serialize\BulletXmlWorldImporter\tinyxml.cpp">
      <Filter>Extras\Serialize\BulletXmlWorldImporter</Filter>
    </ClCompile>
    <ClCompile Include="..\..\Extras\Serialize\BulletXmlWorldImporter\tinyxmlerror.cpp">
      <Filter>Extras\Serialize\BulletXmlWorldImporter</Filter>
    </ClCompile>
    <ClCompile Include="..\..\Extras\Serialize\BulletXmlWorldImporter\tinyxmlparser.cpp">
      <Filter>Extras\Serialize\BulletXmlWorldImporter</Filter>
    </ClCompile>
  </ItemGroup>
</Project>
