<?xml version="1.0" encoding="utf-8"?>
<Project ToolsVersion="4.0" xmlns="http://schemas.microsoft.com/developer/msbuild/2003">
  <ItemGroup>
    <Filter Include="src">
      <UniqueIdentifier>{9DB540C1-1E1A-8F49-99BF-450C74727EB9}</UniqueIdentifier>
    </Filter>
    <Filter Include="src\BulletDynamics">
      <UniqueIdentifier>{85D4CA72-AC14-0C49-8E8D-5F41671CB270}</UniqueIdentifier>
    </Filter>
    <Filter Include="src\BulletDynamics\Dynamics">
      <UniqueIdentifier>{CB7A20E3-C237-7A41-A83F-FC6E4D7508BF}</UniqueIdentifier>
    </Filter>
    <Filter Include="src\BulletDynamics\ConstraintSolver">
      <UniqueIdentifier>{6FA20AEE-F6B6-F742-928C-5B4E48D63601}</UniqueIdentifier>
    </Filter>
    <Filter Include="src\BulletDynamics\Featherstone">
      <UniqueIdentifier>{D3B2D115-1492-F840-A827-A94552872644}</UniqueIdentifier>
    </Filter>
    <Filter Include="src\BulletDynamics\MLCPSolvers">
      <UniqueIdentifier>{9493B409-2F0A-C24E-A53A-BFC24721A06C}</UniqueIdentifier>
    </Filter>
    <Filter Include="src\BulletDynamics\Vehicle">
      <UniqueIdentifier>{2684DCB7-5607-754A-8806-958AD5B523CD}</UniqueIdentifier>
    </Filter>
    <Filter Include="src\BulletDynamics\Character">
      <UniqueIdentifier>{A13FB209-FFDE-4042-9015-40B7DA938898}</UniqueIdentifier>
    </Filter>
  </ItemGroup>
  <ItemGroup>
    <ClInclude Include="..\..\src\BulletDynamics\Dynamics\btActionInterface.h">
      <Filter>src\BulletDynamics\Dynamics</Filter>
    </ClInclude>
    <ClInclude Include="..\..\src\BulletDynamics\Dynamics\btDiscreteDynamicsWorld.h">
      <Filter>src\BulletDynamics\Dynamics</Filter>
    </ClInclude>
    <ClInclude Include="..\..\src\BulletDynamics\Dynamics\btDiscreteDynamicsWorldMt.h">
      <Filter>src\BulletDynamics\Dynamics</Filter>
    </ClInclude>
    <ClInclude Include="..\..\src\BulletDynamics\Dynamics\btDynamicsWorld.h">
      <Filter>src\BulletDynamics\Dynamics</Filter>
    </ClInclude>
    <ClInclude Include="..\..\src\BulletDynamics\Dynamics\btRigidBody.h">
      <Filter>src\BulletDynamics\Dynamics</Filter>
    </ClInclude>
    <ClInclude Include="..\..\src\BulletDynamics\Dynamics\btSimpleDynamicsWorld.h">
      <Filter>src\BulletDynamics\Dynamics</Filter>
    </ClInclude>
    <ClInclude Include="..\..\src\BulletDynamics\Dynamics\btSimulationIslandManagerMt.h">
      <Filter>src\BulletDynamics\Dynamics</Filter>
    </ClInclude>
    <ClInclude Include="..\..\src\BulletDynamics\ConstraintSolver\btConeTwistConstraint.h">
      <Filter>src\BulletDynamics\ConstraintSolver</Filter>
    </ClInclude>
    <ClInclude Include="..\..\src\BulletDynamics\ConstraintSolver\btConstraintSolver.h">
      <Filter>src\BulletDynamics\ConstraintSolver</Filter>
    </ClInclude>
    <ClInclude Include="..\..\src\BulletDynamics\ConstraintSolver\btContactConstraint.h">
      <Filter>src\BulletDynamics\ConstraintSolver</Filter>
    </ClInclude>
    <ClInclude Include="..\..\src\BulletDynamics\ConstraintSolver\btContactSolverInfo.h">
      <Filter>src\BulletDynamics\ConstraintSolver</Filter>
    </ClInclude>
    <ClInclude Include="..\..\src\BulletDynamics\ConstraintSolver\btFixedConstraint.h">
      <Filter>src\BulletDynamics\ConstraintSolver</Filter>
    </ClInclude>
    <ClInclude Include="..\..\src\BulletDynamics\ConstraintSolver\btGearConstraint.h">
      <Filter>src\BulletDynamics\ConstraintSolver</Filter>
    </ClInclude>
    <ClInclude Include="..\..\src\BulletDynamics\ConstraintSolver\btGeneric6DofConstraint.h">
      <Filter>src\BulletDynamics\ConstraintSolver</Filter>
    </ClInclude>
    <ClInclude Include="..\..\src\BulletDynamics\ConstraintSolver\btGeneric6DofSpring2Constraint.h">
      <Filter>src\BulletDynamics\ConstraintSolver</Filter>
    </ClInclude>
    <ClInclude Include="..\..\src\BulletDynamics\ConstraintSolver\btGeneric6DofSpringConstraint.h">
      <Filter>src\BulletDynamics\ConstraintSolver</Filter>
    </ClInclude>
    <ClInclude Include="..\..\src\BulletDynamics\ConstraintSolver\btHinge2Constraint.h">
      <Filter>src\BulletDynamics\ConstraintSolver</Filter>
    </ClInclude>
    <ClInclude Include="..\..\src\BulletDynamics\ConstraintSolver\btHingeConstraint.h">
      <Filter>src\BulletDynamics\ConstraintSolver</Filter>
    </ClInclude>
    <ClInclude Include="..\..\src\BulletDynamics\ConstraintSolver\btJacobianEntry.h">
      <Filter>src\BulletDynamics\ConstraintSolver</Filter>
    </ClInclude>
    <ClInclude Include="..\..\src\BulletDynamics\ConstraintSolver\btNNCGConstraintSolver.h">
      <Filter>src\BulletDynamics\ConstraintSolver</Filter>
    </ClInclude>
    <ClInclude Include="..\..\src\BulletDynamics\ConstraintSolver\btPoint2PointConstraint.h">
      <Filter>src\BulletDynamics\ConstraintSolver</Filter>
    </ClInclude>
    <ClInclude Include="..\..\src\BulletDynamics\ConstraintSolver\btSequentialImpulseConstraintSolver.h">
      <Filter>src\BulletDynamics\ConstraintSolver</Filter>
    </ClInclude>
    <ClInclude Include="..\..\src\BulletDynamics\ConstraintSolver\btSliderConstraint.h">
      <Filter>src\BulletDynamics\ConstraintSolver</Filter>
    </ClInclude>
    <ClInclude Include="..\..\src\BulletDynamics\ConstraintSolver\btSolve2LinearConstraint.h">
      <Filter>src\BulletDynamics\ConstraintSolver</Filter>
    </ClInclude>
    <ClInclude Include="..\..\src\BulletDynamics\ConstraintSolver\btSolverBody.h">
      <Filter>src\BulletDynamics\ConstraintSolver</Filter>
    </ClInclude>
    <ClInclude Include="..\..\src\BulletDynamics\ConstraintSolver\btSolverConstraint.h">
      <Filter>src\BulletDynamics\ConstraintSolver</Filter>
    </ClInclude>
    <ClInclude Include="..\..\src\BulletDynamics\ConstraintSolver\btTypedConstraint.h">
      <Filter>src\BulletDynamics\ConstraintSolver</Filter>
    </ClInclude>
    <ClInclude Include="..\..\src\BulletDynamics\ConstraintSolver\btUniversalConstraint.h">
      <Filter>src\BulletDynamics\ConstraintSolver</Filter>
    </ClInclude>
    <ClInclude Include="..\..\src\BulletDynamics\Featherstone\btMultiBody.h">
      <Filter>src\BulletDynamics\Featherstone</Filter>
    </ClInclude>
    <ClInclude Include="..\..\src\BulletDynamics\Featherstone\btMultiBodyConstraint.h">
      <Filter>src\BulletDynamics\Featherstone</Filter>
    </ClInclude>
    <ClInclude Include="..\..\src\BulletDynamics\Featherstone\btMultiBodyConstraintSolver.h">
      <Filter>src\BulletDynamics\Featherstone</Filter>
    </ClInclude>
    <ClInclude Include="..\..\src\BulletDynamics\Featherstone\btMultiBodyDynamicsWorld.h">
      <Filter>src\BulletDynamics\Featherstone</Filter>
    </ClInclude>
    <ClInclude Include="..\..\src\BulletDynamics\Featherstone\btMultiBodyFixedConstraint.h">
      <Filter>src\BulletDynamics\Featherstone</Filter>
    </ClInclude>
    <ClInclude Include="..\..\src\BulletDynamics\Featherstone\btMultiBodyGearConstraint.h">
      <Filter>src\BulletDynamics\Featherstone</Filter>
    </ClInclude>
    <ClInclude Include="..\..\src\BulletDynamics\Featherstone\btMultiBodyJointFeedback.h">
      <Filter>src\BulletDynamics\Featherstone</Filter>
    </ClInclude>
    <ClInclude Include="..\..\src\BulletDynamics\Featherstone\btMultiBodyJointLimitConstraint.h">
      <Filter>src\BulletDynamics\Featherstone</Filter>
    </ClInclude>
    <ClInclude Include="..\..\src\BulletDynamics\Featherstone\btMultiBodyJointMotor.h">
      <Filter>src\BulletDynamics\Featherstone</Filter>
    </ClInclude>
    <ClInclude Include="..\..\src\BulletDynamics\Featherstone\btMultiBodyLink.h">
      <Filter>src\BulletDynamics\Featherstone</Filter>
    </ClInclude>
    <ClInclude Include="..\..\src\BulletDynamics\Featherstone\btMultiBodyLinkCollider.h">
      <Filter>src\BulletDynamics\Featherstone</Filter>
    </ClInclude>
    <ClInclude Include="..\..\src\BulletDynamics\Featherstone\btMultiBodyPoint2Point.h">
      <Filter>src\BulletDynamics\Featherstone</Filter>
    </ClInclude>
    <ClInclude Include="..\..\src\BulletDynamics\Featherstone\btMultiBodySliderConstraint.h">
      <Filter>src\BulletDynamics\Featherstone</Filter>
    </ClInclude>
    <ClInclude Include="..\..\src\BulletDynamics\Featherstone\btMultiBodySolverConstraint.h">
      <Filter>src\BulletDynamics\Featherstone</Filter>
    </ClInclude>
    <ClInclude Include="..\..\src\BulletDynamics\MLCPSolvers\btDantzigLCP.h">
      <Filter>src\BulletDynamics\MLCPSolvers</Filter>
    </ClInclude>
    <ClInclude Include="..\..\src\BulletDynamics\MLCPSolvers\btDantzigSolver.h">
      <Filter>src\BulletDynamics\MLCPSolvers</Filter>
    </ClInclude>
    <ClInclude Include="..\..\src\BulletDynamics\MLCPSolvers\btLemkeAlgorithm.h">
      <Filter>src\BulletDynamics\MLCPSolvers</Filter>
    </ClInclude>
    <ClInclude Include="..\..\src\BulletDynamics\MLCPSolvers\btLemkeSolver.h">
      <Filter>src\BulletDynamics\MLCPSolvers</Filter>
    </ClInclude>
    <ClInclude Include="..\..\src\BulletDynamics\MLCPSolvers\btMLCPSolver.h">
      <Filter>src\BulletDynamics\MLCPSolvers</Filter>
    </ClInclude>
    <ClInclude Include="..\..\src\BulletDynamics\MLCPSolvers\btMLCPSolverInterface.h">
      <Filter>src\BulletDynamics\MLCPSolvers</Filter>
    </ClInclude>
    <ClInclude Include="..\..\src\BulletDynamics\MLCPSolvers\btPATHSolver.h">
      <Filter>src\BulletDynamics\MLCPSolvers</Filter>
    </ClInclude>
    <ClInclude Include="..\..\src\BulletDynamics\MLCPSolvers\btSolveProjectedGaussSeidel.h">
      <Filter>src\BulletDynamics\MLCPSolvers</Filter>
    </ClInclude>
    <ClInclude Include="..\..\src\BulletDynamics\Vehicle\btRaycastVehicle.h">
      <Filter>src\BulletDynamics\Vehicle</Filter>
    </ClInclude>
    <ClInclude Include="..\..\src\BulletDynamics\Vehicle\btVehicleRaycaster.h">
      <Filter>src\BulletDynamics\Vehicle</Filter>
    </ClInclude>
    <ClInclude Include="..\..\src\BulletDynamics\Vehicle\btWheelInfo.h">
      <Filter>src\BulletDynamics\Vehicle</Filter>
    </ClInclude>
    <ClInclude Include="..\..\src\BulletDynamics\Character\btCharacterControllerInterface.h">
      <Filter>src\BulletDynamics\Character</Filter>
    </ClInclude>
    <ClInclude Include="..\..\src\BulletDynamics\Character\btKinematicCharacterController.h">
      <Filter>src\BulletDynamics\Character</Filter>
    </ClInclude>
  </ItemGroup>
  <ItemGroup>
    <ClCompile Include="..\..\src\BulletDynamics\Dynamics\btDiscreteDynamicsWorld.cpp">
      <Filter>src\BulletDynamics\Dynamics</Filter>
    </ClCompile>
    <ClCompile Include="..\..\src\BulletDynamics\Dynamics\btDiscreteDynamicsWorldMt.cpp">
      <Filter>src\BulletDynamics\Dynamics</Filter>
    </ClCompile>
    <ClCompile Include="..\..\src\BulletDynamics\Dynamics\btRigidBody.cpp">
      <Filter>src\BulletDynamics\Dynamics</Filter>
    </ClCompile>
    <ClCompile Include="..\..\src\BulletDynamics\Dynamics\btSimpleDynamicsWorld.cpp">
      <Filter>src\BulletDynamics\Dynamics</Filter>
    </ClCompile>
    <ClCompile Include="..\..\src\BulletDynamics\Dynamics\btSimulationIslandManagerMt.cpp">
      <Filter>src\BulletDynamics\Dynamics</Filter>
    </ClCompile>
    <ClCompile Include="..\..\src\BulletDynamics\ConstraintSolver\btConeTwistConstraint.cpp">
      <Filter>src\BulletDynamics\ConstraintSolver</Filter>
    </ClCompile>
    <ClCompile Include="..\..\src\BulletDynamics\ConstraintSolver\btContactConstraint.cpp">
      <Filter>src\BulletDynamics\ConstraintSolver</Filter>
    </ClCompile>
    <ClCompile Include="..\..\src\BulletDynamics\ConstraintSolver\btFixedConstraint.cpp">
      <Filter>src\BulletDynamics\ConstraintSolver</Filter>
    </ClCompile>
    <ClCompile Include="..\..\src\BulletDynamics\ConstraintSolver\btGearConstraint.cpp">
      <Filter>src\BulletDynamics\ConstraintSolver</Filter>
    </ClCompile>
    <ClCompile Include="..\..\src\BulletDynamics\ConstraintSolver\btGeneric6DofConstraint.cpp">
      <Filter>src\BulletDynamics\ConstraintSolver</Filter>
    </ClCompile>
    <ClCompile Include="..\..\src\BulletDynamics\ConstraintSolver\btGeneric6DofSpring2Constraint.cpp">
      <Filter>src\BulletDynamics\ConstraintSolver</Filter>
    </ClCompile>
    <ClCompile Include="..\..\src\BulletDynamics\ConstraintSolver\btGeneric6DofSpringConstraint.cpp">
      <Filter>src\BulletDynamics\ConstraintSolver</Filter>
    </ClCompile>
    <ClCompile Include="..\..\src\BulletDynamics\ConstraintSolver\btHinge2Constraint.cpp">
      <Filter>src\BulletDynamics\ConstraintSolver</Filter>
    </ClCompile>
    <ClCompile Include="..\..\src\BulletDynamics\ConstraintSolver\btHingeConstraint.cpp">
      <Filter>src\BulletDynamics\ConstraintSolver</Filter>
    </ClCompile>
    <ClCompile Include="..\..\src\BulletDynamics\ConstraintSolver\btNNCGConstraintSolver.cpp">
      <Filter>src\BulletDynamics\ConstraintSolver</Filter>
    </ClCompile>
    <ClCompile Include="..\..\src\BulletDynamics\ConstraintSolver\btPoint2PointConstraint.cpp">
      <Filter>src\BulletDynamics\ConstraintSolver</Filter>
    </ClCompile>
    <ClCompile Include="..\..\src\BulletDynamics\ConstraintSolver\btSequentialImpulseConstraintSolver.cpp">
      <Filter>src\BulletDynamics\ConstraintSolver</Filter>
    </ClCompile>
    <ClCompile Include="..\..\src\BulletDynamics\ConstraintSolver\btSliderConstraint.cpp">
      <Filter>src\BulletDynamics\ConstraintSolver</Filter>
    </ClCompile>
    <ClCompile Include="..\..\src\BulletDynamics\ConstraintSolver\btSolve2LinearConstraint.cpp">
      <Filter>src\BulletDynamics\ConstraintSolver</Filter>
    </ClCompile>
    <ClCompile Include="..\..\src\BulletDynamics\ConstraintSolver\btTypedConstraint.cpp">
      <Filter>src\BulletDynamics\ConstraintSolver</Filter>
    </ClCompile>
    <ClCompile Include="..\..\src\BulletDynamics\ConstraintSolver\btUniversalConstraint.cpp">
      <Filter>src\BulletDynamics\ConstraintSolver</Filter>
    </ClCompile>
    <ClCompile Include="..\..\src\BulletDynamics\Featherstone\btMultiBody.cpp">
      <Filter>src\BulletDynamics\Featherstone</Filter>
    </ClCompile>
    <ClCompile Include="..\..\src\BulletDynamics\Featherstone\btMultiBodyConstraint.cpp">
      <Filter>src\BulletDynamics\Featherstone</Filter>
    </ClCompile>
    <ClCompile Include="..\..\src\BulletDynamics\Featherstone\btMultiBodyConstraintSolver.cpp">
      <Filter>src\BulletDynamics\Featherstone</Filter>
    </ClCompile>
    <ClCompile Include="..\..\src\BulletDynamics\Featherstone\btMultiBodyDynamicsWorld.cpp">
      <Filter>src\BulletDynamics\Featherstone</Filter>
    </ClCompile>
    <ClCompile Include="..\..\src\BulletDynamics\Featherstone\btMultiBodyFixedConstraint.cpp">
      <Filter>src\BulletDynamics\Featherstone</Filter>
    </ClCompile>
    <ClCompile Include="..\..\src\BulletDynamics\Featherstone\btMultiBodyGearConstraint.cpp">
      <Filter>src\BulletDynamics\Featherstone</Filter>
    </ClCompile>
    <ClCompile Include="..\..\src\BulletDynamics\Featherstone\btMultiBodyJointLimitConstraint.cpp">
      <Filter>src\BulletDynamics\Featherstone</Filter>
    </ClCompile>
    <ClCompile Include="..\..\src\BulletDynamics\Featherstone\btMultiBodyJointMotor.cpp">
      <Filter>src\BulletDynamics\Featherstone</Filter>
    </ClCompile>
    <ClCompile Include="..\..\src\BulletDynamics\Featherstone\btMultiBodyPoint2Point.cpp">
      <Filter>src\BulletDynamics\Featherstone</Filter>
    </ClCompile>
    <ClCompile Include="..\..\src\BulletDynamics\Featherstone\btMultiBodySliderConstraint.cpp">
      <Filter>src\BulletDynamics\Featherstone</Filter>
    </ClCompile>
    <ClCompile Include="..\..\src\BulletDynamics\MLCPSolvers\btDantzigLCP.cpp">
      <Filter>src\BulletDynamics\MLCPSolvers</Filter>
    </ClCompile>
    <ClCompile Include="..\..\src\BulletDynamics\MLCPSolvers\btLemkeAlgorithm.cpp">
      <Filter>src\BulletDynamics\MLCPSolvers</Filter>
    </ClCompile>
    <ClCompile Include="..\..\src\BulletDynamics\MLCPSolvers\btMLCPSolver.cpp">
      <Filter>src\BulletDynamics\MLCPSolvers</Filter>
    </ClCompile>
    <ClCompile Include="..\..\src\BulletDynamics\Vehicle\btRaycastVehicle.cpp">
      <Filter>src\BulletDynamics\Vehicle</Filter>
    </ClCompile>
    <ClCompile Include="..\..\src\BulletDynamics\Vehicle\btWheelInfo.cpp">
      <Filter>src\BulletDynamics\Vehicle</Filter>
    </ClCompile>
    <ClCompile Include="..\..\src\BulletDynamics\Character\btKinematicCharacterController.cpp">
      <Filter>src\BulletDynamics\Character</Filter>
    </ClCompile>
  </ItemGroup>
</Project>
