<?xml version="1.0" encoding="utf-8"?>
<Project ToolsVersion="4.0" xmlns="http://schemas.microsoft.com/developer/msbuild/2003">
  <ItemGroup>
    <Filter Include="examples">
      <UniqueIdentifier>{59AEFEFA-AA2C-0F4C-AF96-D394F24C7072}</UniqueIdentifier>
    </Filter>
    <Filter Include="examples\ThirdPartyLibs">
      <UniqueIdentifier>{5903267C-97B6-AA4C-9B23-CB167EC57FCA}</UniqueIdentifier>
    </Filter>
    <Filter Include="examples\ThirdPartyLibs\clsocket">
      <UniqueIdentifier>{B6FF184D-E207-FD4D-A68F-3EDE248B3D0F}</UniqueIdentifier>
    </Filter>
    <Filter Include="examples\ThirdPartyLibs\clsocket\src">
      <UniqueIdentifier>{D16FF096-E33D-6445-99A2-83B357916DDB}</UniqueIdentifier>
    </Filter>
  </ItemGroup>
  <ItemGroup>
    <ClInclude Include="..\..\examples\ThirdPartyLibs\clsocket\src\ActiveSocket.h">
      <Filter>examples\ThirdPartyLibs\clsocket\src</Filter>
    </ClInclude>
    <ClInclude Include="..\..\examples\ThirdPartyLibs\clsocket\src\Host.h">
      <Filter>examples\ThirdPartyLibs\clsocket\src</Filter>
    </ClInclude>
    <ClInclude Include="..\..\examples\ThirdPartyLibs\clsocket\src\PassiveSocket.h">
      <Filter>examples\ThirdPartyLibs\clsocket\src</Filter>
    </ClInclude>
    <ClInclude Include="..\..\examples\ThirdPartyLibs\clsocket\src\SimpleSocket.h">
      <Filter>examples\ThirdPartyLibs\clsocket\src</Filter>
    </ClInclude>
    <ClInclude Include="..\..\examples\ThirdPartyLibs\clsocket\src\StatTimer.h">
      <Filter>examples\ThirdPartyLibs\clsocket\src</Filter>
    </ClInclude>
  </ItemGroup>
  <ItemGroup>
    <ClCompile Include="..\..\examples\ThirdPartyLibs\clsocket\src\SimpleSocket.cpp">
      <Filter>examples\ThirdPartyLibs\clsocket\src</Filter>
    </ClCompile>
    <ClCompile Include="..\..\examples\ThirdPartyLibs\clsocket\src\ActiveSocket.cpp">
      <Filter>examples\ThirdPartyLibs\clsocket\src</Filter>
    </ClCompile>
    <ClCompile Include="..\..\examples\ThirdPartyLibs\clsocket\src\PassiveSocket.cpp">
      <Filter>examples\ThirdPartyLibs\clsocket\src</Filter>
    </ClCompile>
  </ItemGroup>
</Project>
