<?xml version="1.0" encoding="utf-8"?>
<Project ToolsVersion="4.0" xmlns="http://schemas.microsoft.com/developer/msbuild/2003">
  <ItemGroup>
    <Filter Include="test">
      <UniqueIdentifier>{F067FDD3-F5BC-AD43-BA6E-B140EF3AF626}</UniqueIdentifier>
    </Filter>
    <Filter Include="test\InverseDynamics">
      <UniqueIdentifier>{B97000C6-B846-D643-9A43-23C1F56AE28E}</UniqueIdentifier>
    </Filter>
  </ItemGroup>
  <ItemGroup>
    <ClCompile Include="..\..\test\InverseDynamics\test_invdyn_kinematics.cpp">
      <Filter>test\InverseDynamics</Filter>
    </ClCompile>
  </ItemGroup>
</Project>
