<?xml version="1.0" encoding="utf-8"?>
<Project ToolsVersion="4.0" xmlns="http://schemas.microsoft.com/developer/msbuild/2003">
  <ItemGroup>
    <Filter Include="examples">
      <UniqueIdentifier>{7B0EDAEB-1980-D44D-B88E-84EED6A16711}</UniqueIdentifier>
    </Filter>
    <Filter Include="examples\MultiBody">
      <UniqueIdentifier>{72C9B643-5BD0-F945-A837-2628D68D136C}</UniqueIdentifier>
    </Filter>
  </ItemGroup>
  <ItemGroup>
    <ClInclude Include="..\..\examples\MultiBody\pendulum_gold.h">
      <Filter>examples\MultiBody</Filter>
    </ClInclude>
  </ItemGroup>
  <ItemGroup>
    <ClCompile Include="..\..\examples\MultiBody\Pendulum.cpp">
      <Filter>examples\MultiBody</Filter>
    </ClCompile>
  </ItemGroup>
</Project>
